PODS:
  - Mapbox-iOS-SDK (3.3.6)
  - OHHTTPStubs/Core (5.2.2)
  - OHHTTPStubs/Swift (5.2.2):
    - OHHTTPStubs/Core

DEPENDENCIES:
  - Mapbox-iOS-SDK (~> 3.3)
  - OHHTTPStubs/Swift (~> 5.0)

SPEC CHECKSUMS:
  Mapbox-iOS-SDK: 1651ab31beec917b60ccbb8f737d0435ec80eeb3
  OHHTTPStubs: 34d9d0994e64fcf8552dbfade5ce82ada913ee31

PODFILE CHECKSUM: 0d327e0fe430b4211f61e91065c69151ac64aef7

COCOAPODS: 1.1.1
