// !$*UTF8*$!
{
	archiveVersion = 1;
	classes = {
	};
	objectVersion = 46;
	objects = {

/* Begin PBXBuildFile section */
		DD342B5619A140EE00219F77 /* AppDelegate.swift in Sources */ = {isa = PBXBuildFile; fileRef = DD342B5519A140EE00219F77 /* AppDelegate.swift */; };
		DD342B5819A140EE00219F77 /* ViewController.swift in Sources */ = {isa = PBXBuildFile; fileRef = DD342B5719A140EE00219F77 /* ViewController.swift */; };
		DD342B5B19A140EE00219F77 /* Main.storyboard in Resources */ = {isa = PBXBuildFile; fileRef = DD342B5919A140EE00219F77 /* Main.storyboard */; };
		DD342B5D19A140EE00219F77 /* Images.xcassets in Resources */ = {isa = PBXBuildFile; fileRef = DD342B5C19A140EE00219F77 /* Images.xcassets */; };
		DD342B6919A140EE00219F77 /* Geocoder_ExampleTests.swift in Sources */ = {isa = PBXBuildFile; fileRef = DD342B6819A140EE00219F77 /* Geocoder_ExampleTests.swift */; };
/* End PBXBuildFile section */

/* Begin PBXContainerItemProxy section */
		DD342B6319A140EE00219F77 /* PBXContainerItemProxy */ = {
			isa = PBXContainerItemProxy;
			containerPortal = DD342B4819A140EE00219F77 /* Project object */;
			proxyType = 1;
			remoteGlobalIDString = DD342B4F19A140EE00219F77;
			remoteInfo = "Geocoder Example";
		};
/* End PBXContainerItemProxy section */

/* Begin PBXFileReference section */
		DD342B5019A140EE00219F77 /* Geocoder Example.app */ = {isa = PBXFileReference; explicitFileType = wrapper.application; includeInIndex = 0; path = "Geocoder Example.app"; sourceTree = BUILT_PRODUCTS_DIR; };
		DD342B5419A140EE00219F77 /* Info.plist */ = {isa = PBXFileReference; lastKnownFileType = text.plist.xml; path = Info.plist; sourceTree = "<group>"; };
		DD342B5519A140EE00219F77 /* AppDelegate.swift */ = {isa = PBXFileReference; lastKnownFileType = sourcecode.swift; path = AppDelegate.swift; sourceTree = "<group>"; };
		DD342B5719A140EE00219F77 /* ViewController.swift */ = {isa = PBXFileReference; lastKnownFileType = sourcecode.swift; path = ViewController.swift; sourceTree = "<group>"; };
		DD342B5A19A140EE00219F77 /* Base */ = {isa = PBXFileReference; lastKnownFileType = file.storyboard; name = Base; path = Base.lproj/Main.storyboard; sourceTree = "<group>"; };
		DD342B5C19A140EE00219F77 /* Images.xcassets */ = {isa = PBXFileReference; lastKnownFileType = folder.assetcatalog; path = Images.xcassets; sourceTree = "<group>"; };
		DD342B6219A140EE00219F77 /* Geocoder ExampleTests.xctest */ = {isa = PBXFileReference; explicitFileType = wrapper.cfbundle; includeInIndex = 0; path = "Geocoder ExampleTests.xctest"; sourceTree = BUILT_PRODUCTS_DIR; };
		DD342B6719A140EE00219F77 /* Info.plist */ = {isa = PBXFileReference; lastKnownFileType = text.plist.xml; path = Info.plist; sourceTree = "<group>"; };
		DD342B6819A140EE00219F77 /* Geocoder_ExampleTests.swift */ = {isa = PBXFileReference; lastKnownFileType = sourcecode.swift; path = Geocoder_ExampleTests.swift; sourceTree = "<group>"; };
/* End PBXFileReference section */

/* Begin PBXFrameworksBuildPhase section */
		DD342B4D19A140EE00219F77 /* Frameworks */ = {
			isa = PBXFrameworksBuildPhase;
			buildActionMask = 2147483647;
			files = (
			);
			runOnlyForDeploymentPostprocessing = 0;
		};
		DD342B5F19A140EE00219F77 /* Frameworks */ = {
			isa = PBXFrameworksBuildPhase;
			buildActionMask = 2147483647;
			files = (
			);
			runOnlyForDeploymentPostprocessing = 0;
		};
/* End PBXFrameworksBuildPhase section */

/* Begin PBXGroup section */
		DD342B4719A140EE00219F77 = {
			isa = PBXGroup;
			children = (
				DD342B5219A140EE00219F77 /* Geocoder Example */,
				DD342B6519A140EE00219F77 /* Geocoder ExampleTests */,
				DD342B5119A140EE00219F77 /* Products */,
			);
			sourceTree = "<group>";
		};
		DD342B5119A140EE00219F77 /* Products */ = {
			isa = PBXGroup;
			children = (
				DD342B5019A140EE00219F77 /* Geocoder Example.app */,
				DD342B6219A140EE00219F77 /* Geocoder ExampleTests.xctest */,
			);
			name = Products;
			sourceTree = "<group>";
		};
		DD342B5219A140EE00219F77 /* Geocoder Example */ = {
			isa = PBXGroup;
			children = (
				DD342B5519A140EE00219F77 /* AppDelegate.swift */,
				DD342B5719A140EE00219F77 /* ViewController.swift */,
				DD342B5919A140EE00219F77 /* Main.storyboard */,
				DD342B5C19A140EE00219F77 /* Images.xcassets */,
				DD342B5319A140EE00219F77 /* Supporting Files */,
			);
			path = "Geocoder Example";
			sourceTree = "<group>";
		};
		DD342B5319A140EE00219F77 /* Supporting Files */ = {
			isa = PBXGroup;
			children = (
				DD342B5419A140EE00219F77 /* Info.plist */,
			);
			name = "Supporting Files";
			sourceTree = "<group>";
		};
		DD342B6519A140EE00219F77 /* Geocoder ExampleTests */ = {
			isa = PBXGroup;
			children = (
				DD342B6819A140EE00219F77 /* Geocoder_ExampleTests.swift */,
				DD342B6619A140EE00219F77 /* Supporting Files */,
			);
			path = "Geocoder ExampleTests";
			sourceTree = "<group>";
		};
		DD342B6619A140EE00219F77 /* Supporting Files */ = {
			isa = PBXGroup;
			children = (
				DD342B6719A140EE00219F77 /* Info.plist */,
			);
			name = "Supporting Files";
			sourceTree = "<group>";
		};
/* End PBXGroup section */

/* Begin PBXNativeTarget section */
		DD342B4F19A140EE00219F77 /* Geocoder Example */ = {
			isa = PBXNativeTarget;
			buildConfigurationList = DD342B6C19A140EE00219F77 /* Build configuration list for PBXNativeTarget "Geocoder Example" */;
			buildPhases = (
				DD342B4C19A140EE00219F77 /* Sources */,
				DD342B4D19A140EE00219F77 /* Frameworks */,
				DD342B4E19A140EE00219F77 /* Resources */,
			);
			buildRules = (
			);
			dependencies = (
			);
			name = "Geocoder Example";
			productName = "Geocoder Example";
			productReference = DD342B5019A140EE00219F77 /* Geocoder Example.app */;
			productType = "com.apple.product-type.application";
		};
		DD342B6119A140EE00219F77 /* Geocoder ExampleTests */ = {
			isa = PBXNativeTarget;
			buildConfigurationList = DD342B6F19A140EE00219F77 /* Build configuration list for PBXNativeTarget "Geocoder ExampleTests" */;
			buildPhases = (
				DD342B5E19A140EE00219F77 /* Sources */,
				DD342B5F19A140EE00219F77 /* Frameworks */,
				DD342B6019A140EE00219F77 /* Resources */,
			);
			buildRules = (
			);
			dependencies = (
				DD342B6419A140EE00219F77 /* PBXTargetDependency */,
			);
			name = "Geocoder ExampleTests";
			productName = "Geocoder ExampleTests";
			productReference = DD342B6219A140EE00219F77 /* Geocoder ExampleTests.xctest */;
			productType = "com.apple.product-type.bundle.unit-test";
		};
/* End PBXNativeTarget section */

/* Begin PBXProject section */
		DD342B4819A140EE00219F77 /* Project object */ = {
			isa = PBXProject;
			attributes = {
				LastUpgradeCheck = 0600;
				ORGANIZATIONNAME = Mapbox;
				TargetAttributes = {
					DD342B4F19A140EE00219F77 = {
						CreatedOnToolsVersion = 6.0;
					};
					DD342B6119A140EE00219F77 = {
						CreatedOnToolsVersion = 6.0;
						TestTargetID = DD342B4F19A140EE00219F77;
					};
				};
			};
			buildConfigurationList = DD342B4B19A140EE00219F77 /* Build configuration list for PBXProject "Geocoder Example" */;
			compatibilityVersion = "Xcode 3.2";
			developmentRegion = English;
			hasScannedForEncodings = 0;
			knownRegions = (
				en,
				Base,
			);
			mainGroup = DD342B4719A140EE00219F77;
			productRefGroup = DD342B5119A140EE00219F77 /* Products */;
			projectDirPath = "";
			projectRoot = "";
			targets = (
				DD342B4F19A140EE00219F77 /* Geocoder Example */,
				DD342B6119A140EE00219F77 /* Geocoder ExampleTests */,
			);
		};
/* End PBXProject section */

/* Begin PBXResourcesBuildPhase section */
		DD342B4E19A140EE00219F77 /* Resources */ = {
			isa = PBXResourcesBuildPhase;
			buildActionMask = 2147483647;
			files = (
				DD342B5B19A140EE00219F77 /* Main.storyboard in Resources */,
				DD342B5D19A140EE00219F77 /* Images.xcassets in Resources */,
			);
			runOnlyForDeploymentPostprocessing = 0;
		};
		DD342B6019A140EE00219F77 /* Resources */ = {
			isa = PBXResourcesBuildPhase;
			buildActionMask = 2147483647;
			files = (
			);
			runOnlyForDeploymentPostprocessing = 0;
		};
/* End PBXResourcesBuildPhase section */

/* Begin PBXSourcesBuildPhase section */
		DD342B4C19A140EE00219F77 /* Sources */ = {
			isa = PBXSourcesBuildPhase;
			buildActionMask = 2147483647;
			files = (
				DD342B5819A140EE00219F77 /* ViewController.swift in Sources */,
				DD342B5619A140EE00219F77 /* AppDelegate.swift in Sources */,
			);
			runOnlyForDeploymentPostprocessing = 0;
		};
		DD342B5E19A140EE00219F77 /* Sources */ = {
			isa = PBXSourcesBuildPhase;
			buildActionMask = 2147483647;
			files = (
				DD342B6919A140EE00219F77 /* Geocoder_ExampleTests.swift in Sources */,
			);
			runOnlyForDeploymentPostprocessing = 0;
		};
/* End PBXSourcesBuildPhase section */

/* Begin PBXTargetDependency section */
		DD342B6419A140EE00219F77 /* PBXTargetDependency */ = {
			isa = PBXTargetDependency;
			target = DD342B4F19A140EE00219F77 /* Geocoder Example */;
			targetProxy = DD342B6319A140EE00219F77 /* PBXContainerItemProxy */;
		};
/* End PBXTargetDependency section */

/* Begin PBXVariantGroup section */
		DD342B5919A140EE00219F77 /* Main.storyboard */ = {
			isa = PBXVariantGroup;
			children = (
				DD342B5A19A140EE00219F77 /* Base */,
			);
			name = Main.storyboard;
			sourceTree = "<group>";
		};
/* End PBXVariantGroup section */

/* Begin XCBuildConfiguration section */
		DD342B6A19A140EE00219F77 /* Debug */ = {
			isa = XCBuildConfiguration;
			buildSettings = {
				ALWAYS_SEARCH_USER_PATHS = NO;
				CLANG_CXX_LANGUAGE_STANDARD = "gnu++0x";
				CLANG_CXX_LIBRARY = "libc++";
				CLANG_ENABLE_MODULES = YES;
				CLANG_ENABLE_OBJC_ARC = YES;
				CLANG_WARN_BOOL_CONVERSION = YES;
				CLANG_WARN_CONSTANT_CONVERSION = YES;
				CLANG_WARN_DIRECT_OBJC_ISA_USAGE = YES_ERROR;
				CLANG_WARN_EMPTY_BODY = YES;
				CLANG_WARN_ENUM_CONVERSION = YES;
				CLANG_WARN_INT_CONVERSION = YES;
				CLANG_WARN_OBJC_ROOT_CLASS = YES_ERROR;
				CLANG_WARN_UNREACHABLE_CODE = YES;
				CLANG_WARN__DUPLICATE_METHOD_MATCH = YES;
				"CODE_SIGN_IDENTITY[sdk=iphoneos*]" = "iPhone Developer";
				COPY_PHASE_STRIP = NO;
				ENABLE_STRICT_OBJC_MSGSEND = YES;
				GCC_C_LANGUAGE_STANDARD = gnu99;
				GCC_DYNAMIC_NO_PIC = NO;
				GCC_OPTIMIZATION_LEVEL = 0;
				GCC_PREPROCESSOR_DEFINITIONS = (
					"DEBUG=1",
					"$(inherited)",
				);
				GCC_SYMBOLS_PRIVATE_EXTERN = NO;
				GCC_WARN_64_TO_32_BIT_CONVERSION = YES;
				GCC_WARN_ABOUT_RETURN_TYPE = YES_ERROR;
				GCC_WARN_UNDECLARED_SELECTOR = YES;
				GCC_WARN_UNINITIALIZED_AUTOS = YES_AGGRESSIVE;
				GCC_WARN_UNUSED_FUNCTION = YES;
				GCC_WARN_UNUSED_VARIABLE = YES;
				IPHONEOS_DEPLOYMENT_TARGET = 8.0;
				MTL_ENABLE_DEBUG_INFO = YES;
				ONLY_ACTIVE_ARCH = YES;
				SDKROOT = iphoneos;
				SWIFT_OPTIMIZATION_LEVEL = "-Onone";
				TARGETED_DEVICE_FAMILY = "1,2";
			};
			name = Debug;
		};
		DD342B6B19A140EE00219F77 /* Release */ = {
			isa = XCBuildConfiguration;
			buildSettings = {
				ALWAYS_SEARCH_USER_PATHS = NO;
				CLANG_CXX_LANGUAGE_STANDARD = "gnu++0x";
				CLANG_CXX_LIBRARY = "libc++";
				CLANG_ENABLE_MODULES = YES;
				CLANG_ENABLE_OBJC_ARC = YES;
				CLANG_WARN_BOOL_CONVERSION = YES;
				CLANG_WARN_CONSTANT_CONVERSION = YES;
				CLANG_WARN_DIRECT_OBJC_ISA_USAGE = YES_ERROR;
				CLANG_WARN_EMPTY_BODY = YES;
				CLANG_WARN_ENUM_CONVERSION = YES;
				CLANG_WARN_INT_CONVERSION = YES;
				CLANG_WARN_OBJC_ROOT_CLASS = YES_ERROR;
				CLANG_WARN_UNREACHABLE_CODE = YES;
				CLANG_WARN__DUPLICATE_METHOD_MATCH = YES;
				"CODE_SIGN_IDENTITY[sdk=iphoneos*]" = "iPhone Developer";
				COPY_PHASE_STRIP = YES;
				ENABLE_NS_ASSERTIONS = NO;
				ENABLE_STRICT_OBJC_MSGSEND = YES;
				GCC_C_LANGUAGE_STANDARD = gnu99;
				GCC_WARN_64_TO_32_BIT_CONVERSION = YES;
				GCC_WARN_ABOUT_RETURN_TYPE = YES_ERROR;
				GCC_WARN_UNDECLARED_SELECTOR = YES;
				GCC_WARN_UNINITIALIZED_AUTOS = YES_AGGRESSIVE;
				GCC_WARN_UNUSED_FUNCTION = YES;
				GCC_WARN_UNUSED_VARIABLE = YES;
				IPHONEOS_DEPLOYMENT_TARGET = 8.0;
				MTL_ENABLE_DEBUG_INFO = NO;
				SDKROOT = iphoneos;
				TARGETED_DEVICE_FAMILY = "1,2";
				VALIDATE_PRODUCT = YES;
			};
			name = Release;
		};
		DD342B6D19A140EE00219F77 /* Debug */ = {
			isa = XCBuildConfiguration;
			buildSettings = {
				ASSETCATALOG_COMPILER_APPICON_NAME = AppIcon;
				ASSETCATALOG_COMPILER_LAUNCHIMAGE_NAME = LaunchImage;
				INFOPLIST_FILE = "Geocoder Example/Info.plist";
				LD_RUNPATH_SEARCH_PATHS = "$(inherited) @executable_path/Frameworks";
				PRODUCT_NAME = "$(TARGET_NAME)";
			};
			name = Debug;
		};
		DD342B6E19A140EE00219F77 /* Release */ = {
			isa = XCBuildConfiguration;
			buildSettings = {
				ASSETCATALOG_COMPILER_APPICON_NAME = AppIcon;
				ASSETCATALOG_COMPILER_LAUNCHIMAGE_NAME = LaunchImage;
				INFOPLIST_FILE = "Geocoder Example/Info.plist";
				LD_RUNPATH_SEARCH_PATHS = "$(inherited) @executable_path/Frameworks";
				PRODUCT_NAME = "$(TARGET_NAME)";
			};
			name = Release;
		};
		DD342B7019A140EE00219F77 /* Debug */ = {
			isa = XCBuildConfiguration;
			buildSettings = {
				BUNDLE_LOADER = "$(TEST_HOST)";
				FRAMEWORK_SEARCH_PATHS = (
					"$(SDKROOT)/Developer/Library/Frameworks",
					"$(inherited)",
				);
				GCC_PREPROCESSOR_DEFINITIONS = (
					"DEBUG=1",
					"$(inherited)",
				);
				INFOPLIST_FILE = "Geocoder ExampleTests/Info.plist";
				LD_RUNPATH_SEARCH_PATHS = "$(inherited) @executable_path/Frameworks @loader_path/Frameworks";
				PRODUCT_NAME = "$(TARGET_NAME)";
				TEST_HOST = "$(BUILT_PRODUCTS_DIR)/Geocoder Example.app/Geocoder Example";
			};
			name = Debug;
		};
		DD342B7119A140EE00219F77 /* Release */ = {
			isa = XCBuildConfiguration;
			buildSettings = {
				BUNDLE_LOADER = "$(TEST_HOST)";
				FRAMEWORK_SEARCH_PATHS = (
					"$(SDKROOT)/Developer/Library/Frameworks",
					"$(inherited)",
				);
				INFOPLIST_FILE = "Geocoder ExampleTests/Info.plist";
				LD_RUNPATH_SEARCH_PATHS = "$(inherited) @executable_path/Frameworks @loader_path/Frameworks";
				PRODUCT_NAME = "$(TARGET_NAME)";
				TEST_HOST = "$(BUILT_PRODUCTS_DIR)/Geocoder Example.app/Geocoder Example";
			};
			name = Release;
		};
/* End XCBuildConfiguration section */

/* Begin XCConfigurationList section */
		DD342B4B19A140EE00219F77 /* Build configuration list for PBXProject "Geocoder Example" */ = {
			isa = XCConfigurationList;
			buildConfigurations = (
				DD342B6A19A140EE00219F77 /* Debug */,
				DD342B6B19A140EE00219F77 /* Release */,
			);
			defaultConfigurationIsVisible = 0;
			defaultConfigurationName = Release;
		};
		DD342B6C19A140EE00219F77 /* Build configuration list for PBXNativeTarget "Geocoder Example" */ = {
			isa = XCConfigurationList;
			buildConfigurations = (
				DD342B6D19A140EE00219F77 /* Debug */,
				DD342B6E19A140EE00219F77 /* Release */,
			);
			defaultConfigurationIsVisible = 0;
		};
		DD342B6F19A140EE00219F77 /* Build configuration list for PBXNativeTarget "Geocoder ExampleTests" */ = {
			isa = XCConfigurationList;
			buildConfigurations = (
				DD342B7019A140EE00219F77 /* Debug */,
				DD342B7119A140EE00219F77 /* Release */,
			);
			defaultConfigurationIsVisible = 0;
		};
/* End XCConfigurationList section */
	};
	rootObject = DD342B4819A140EE00219F77 /* Project object */;
}
