// !$*UTF8*$!
{
	archiveVersion = 1;
	classes = {
	};
	objectVersion = 54;
	objects = {

/* Begin PBXBuildFile section */
		079F41E820E42EEF007EEB5E /* BatchGeocodingTests.swift in Sources */ = {isa = PBXBuildFile; fileRef = 079F41E720E42EEF007EEB5E /* BatchGeocodingTests.swift */; };
		079F41E920E42EEF007EEB5E /* BatchGeocodingTests.swift in Sources */ = {isa = PBXBuildFile; fileRef = 079F41E720E42EEF007EEB5E /* BatchGeocodingTests.swift */; };
		079F41EA20E42EEF007EEB5E /* BatchGeocodingTests.swift in Sources */ = {isa = PBXBuildFile; fileRef = 079F41E720E42EEF007EEB5E /* BatchGeocodingTests.swift */; };
		07CF859F20F6DE61007B26B6 /* permanent_invalid_token.json in Resources */ = {isa = PBXBuildFile; fileRef = 07CF859E20F6DE61007B26B6 /* permanent_invalid_token.json */; };
		07CF85A020F6DE61007B26B6 /* permanent_invalid_token.json in Resources */ = {isa = PBXBuildFile; fileRef = 07CF859E20F6DE61007B26B6 /* permanent_invalid_token.json */; };
		07CF85A120F6DE61007B26B6 /* permanent_invalid_token.json in Resources */ = {isa = PBXBuildFile; fileRef = 07CF859E20F6DE61007B26B6 /* permanent_invalid_token.json */; };
		07CF85A320F6DED8007B26B6 /* permanent_invalid_token_scope.json in Resources */ = {isa = PBXBuildFile; fileRef = 07CF85A220F6DED8007B26B6 /* permanent_invalid_token_scope.json */; };
		07CF85A420F6DED8007B26B6 /* permanent_invalid_token_scope.json in Resources */ = {isa = PBXBuildFile; fileRef = 07CF85A220F6DED8007B26B6 /* permanent_invalid_token_scope.json */; };
		07CF85A520F6DED8007B26B6 /* permanent_invalid_token_scope.json in Resources */ = {isa = PBXBuildFile; fileRef = 07CF85A220F6DED8007B26B6 /* permanent_invalid_token_scope.json */; };
		07CF85A720F6DF0F007B26B6 /* permanent_invalid.json in Resources */ = {isa = PBXBuildFile; fileRef = 07CF85A620F6DF0E007B26B6 /* permanent_invalid.json */; };
		07CF85A820F6DF0F007B26B6 /* permanent_invalid.json in Resources */ = {isa = PBXBuildFile; fileRef = 07CF85A620F6DF0E007B26B6 /* permanent_invalid.json */; };
		07CF85A920F6DF0F007B26B6 /* permanent_invalid.json in Resources */ = {isa = PBXBuildFile; fileRef = 07CF85A620F6DF0E007B26B6 /* permanent_invalid.json */; };
		07CF85AB20F6DF1E007B26B6 /* permanent_forward_single_no_results.json in Resources */ = {isa = PBXBuildFile; fileRef = 07CF85AA20F6DF1D007B26B6 /* permanent_forward_single_no_results.json */; };
		07CF85AC20F6DF1E007B26B6 /* permanent_forward_single_no_results.json in Resources */ = {isa = PBXBuildFile; fileRef = 07CF85AA20F6DF1D007B26B6 /* permanent_forward_single_no_results.json */; };
		07CF85AD20F6DF1E007B26B6 /* permanent_forward_single_no_results.json in Resources */ = {isa = PBXBuildFile; fileRef = 07CF85AA20F6DF1D007B26B6 /* permanent_forward_single_no_results.json */; };
		07CF85AF20F6DF2F007B26B6 /* permanent_forward_multiple_no_results.json in Resources */ = {isa = PBXBuildFile; fileRef = 07CF85AE20F6DF2F007B26B6 /* permanent_forward_multiple_no_results.json */; };
		07CF85B020F6DF2F007B26B6 /* permanent_forward_multiple_no_results.json in Resources */ = {isa = PBXBuildFile; fileRef = 07CF85AE20F6DF2F007B26B6 /* permanent_forward_multiple_no_results.json */; };
		07CF85B120F6DF2F007B26B6 /* permanent_forward_multiple_no_results.json in Resources */ = {isa = PBXBuildFile; fileRef = 07CF85AE20F6DF2F007B26B6 /* permanent_forward_multiple_no_results.json */; };
		07CF85B320F6DF3C007B26B6 /* permanent_forward_multiple_valid.json in Resources */ = {isa = PBXBuildFile; fileRef = 07CF85B220F6DF3C007B26B6 /* permanent_forward_multiple_valid.json */; };
		07CF85B420F6DF3C007B26B6 /* permanent_forward_multiple_valid.json in Resources */ = {isa = PBXBuildFile; fileRef = 07CF85B220F6DF3C007B26B6 /* permanent_forward_multiple_valid.json */; };
		07CF85B520F6DF3C007B26B6 /* permanent_forward_multiple_valid.json in Resources */ = {isa = PBXBuildFile; fileRef = 07CF85B220F6DF3C007B26B6 /* permanent_forward_multiple_valid.json */; };
		07CF85B720F6DF55007B26B6 /* permanent_forward_single_valid.json in Resources */ = {isa = PBXBuildFile; fileRef = 07CF85B620F6DF55007B26B6 /* permanent_forward_single_valid.json */; };
		07CF85B820F6DF55007B26B6 /* permanent_forward_single_valid.json in Resources */ = {isa = PBXBuildFile; fileRef = 07CF85B620F6DF55007B26B6 /* permanent_forward_single_valid.json */; };
		07CF85B920F6DF55007B26B6 /* permanent_forward_single_valid.json in Resources */ = {isa = PBXBuildFile; fileRef = 07CF85B620F6DF55007B26B6 /* permanent_forward_single_valid.json */; };
		07CF85BB20F6DF76007B26B6 /* permanent_reverse_multiple_valid.json in Resources */ = {isa = PBXBuildFile; fileRef = 07CF85BA20F6DF76007B26B6 /* permanent_reverse_multiple_valid.json */; };
		07CF85BC20F6DF76007B26B6 /* permanent_reverse_multiple_valid.json in Resources */ = {isa = PBXBuildFile; fileRef = 07CF85BA20F6DF76007B26B6 /* permanent_reverse_multiple_valid.json */; };
		07CF85BD20F6DF76007B26B6 /* permanent_reverse_multiple_valid.json in Resources */ = {isa = PBXBuildFile; fileRef = 07CF85BA20F6DF76007B26B6 /* permanent_reverse_multiple_valid.json */; };
		07CF85BF20F6DF86007B26B6 /* permanent_reverse_single_no_results.json in Resources */ = {isa = PBXBuildFile; fileRef = 07CF85BE20F6DF86007B26B6 /* permanent_reverse_single_no_results.json */; };
		07CF85C020F6DF86007B26B6 /* permanent_reverse_single_no_results.json in Resources */ = {isa = PBXBuildFile; fileRef = 07CF85BE20F6DF86007B26B6 /* permanent_reverse_single_no_results.json */; };
		07CF85C120F6DF86007B26B6 /* permanent_reverse_single_no_results.json in Resources */ = {isa = PBXBuildFile; fileRef = 07CF85BE20F6DF86007B26B6 /* permanent_reverse_single_no_results.json */; };
		07CF85C320F6DF93007B26B6 /* permanent_reverse_multiple_no_results.json in Resources */ = {isa = PBXBuildFile; fileRef = 07CF85C220F6DF93007B26B6 /* permanent_reverse_multiple_no_results.json */; };
		07CF85C420F6DF93007B26B6 /* permanent_reverse_multiple_no_results.json in Resources */ = {isa = PBXBuildFile; fileRef = 07CF85C220F6DF93007B26B6 /* permanent_reverse_multiple_no_results.json */; };
		07CF85C520F6DF93007B26B6 /* permanent_reverse_multiple_no_results.json in Resources */ = {isa = PBXBuildFile; fileRef = 07CF85C220F6DF93007B26B6 /* permanent_reverse_multiple_no_results.json */; };
		07CF85C720F6DFEB007B26B6 /* permanent_reverse_single_valid.json in Resources */ = {isa = PBXBuildFile; fileRef = 07CF85C620F6DFEB007B26B6 /* permanent_reverse_single_valid.json */; };
		07CF85C820F6DFEB007B26B6 /* permanent_reverse_single_valid.json in Resources */ = {isa = PBXBuildFile; fileRef = 07CF85C620F6DFEB007B26B6 /* permanent_reverse_single_valid.json */; };
		07CF85C920F6DFEB007B26B6 /* permanent_reverse_single_valid.json in Resources */ = {isa = PBXBuildFile; fileRef = 07CF85C620F6DFEB007B26B6 /* permanent_reverse_single_valid.json */; };
		35506B8B200F856400629509 /* BridgingTests.m in Sources */ = {isa = PBXBuildFile; fileRef = 35506B8A200F856400629509 /* BridgingTests.m */; };
		35506B8C200F856400629509 /* BridgingTests.m in Sources */ = {isa = PBXBuildFile; fileRef = 35506B8A200F856400629509 /* BridgingTests.m */; };
		35506B8D200F856400629509 /* BridgingTests.m in Sources */ = {isa = PBXBuildFile; fileRef = 35506B8A200F856400629509 /* BridgingTests.m */; };
		357B4358202CC90A00735521 /* reverse_address.json in Resources */ = {isa = PBXBuildFile; fileRef = 357B4357202CC90A00735521 /* reverse_address.json */; };
		357B4359202CC90A00735521 /* reverse_address.json in Resources */ = {isa = PBXBuildFile; fileRef = 357B4357202CC90A00735521 /* reverse_address.json */; };
		357B435A202CC90A00735521 /* reverse_address.json in Resources */ = {isa = PBXBuildFile; fileRef = 357B4357202CC90A00735521 /* reverse_address.json */; };
		35D3DE392112410A00B62912 /* CoreLocation.swift in Sources */ = {isa = PBXBuildFile; fileRef = 35D3DE382112410A00B62912 /* CoreLocation.swift */; };
		35D3DE3A2112410A00B62912 /* CoreLocation.swift in Sources */ = {isa = PBXBuildFile; fileRef = 35D3DE382112410A00B62912 /* CoreLocation.swift */; };
		35D3DE3B2112410A00B62912 /* CoreLocation.swift in Sources */ = {isa = PBXBuildFile; fileRef = 35D3DE382112410A00B62912 /* CoreLocation.swift */; };
		35D3DE3C2112410A00B62912 /* CoreLocation.swift in Sources */ = {isa = PBXBuildFile; fileRef = 35D3DE382112410A00B62912 /* CoreLocation.swift */; };
		8AC85EB928650EFF003F8FC8 /* OHHTTPStubs.xcframework in Frameworks */ = {isa = PBXBuildFile; fileRef = 8AC85EB828650EFF003F8FC8 /* OHHTTPStubs.xcframework */; };
		8AC85EBA28650F07003F8FC8 /* OHHTTPStubs.xcframework in Frameworks */ = {isa = PBXBuildFile; fileRef = 8AC85EB828650EFF003F8FC8 /* OHHTTPStubs.xcframework */; };
		8AC85EBB28650F0B003F8FC8 /* OHHTTPStubs.xcframework in Frameworks */ = {isa = PBXBuildFile; fileRef = 8AC85EB828650EFF003F8FC8 /* OHHTTPStubs.xcframework */; };
		8AC85EBD28651DCB003F8FC8 /* MapboxMobileEvents.xcframework in Frameworks */ = {isa = PBXBuildFile; fileRef = 8AC85EBC28651DCB003F8FC8 /* MapboxMobileEvents.xcframework */; };
		8AC85EBE28651DCB003F8FC8 /* MapboxMobileEvents.xcframework in Embed Frameworks */ = {isa = PBXBuildFile; fileRef = 8AC85EBC28651DCB003F8FC8 /* MapboxMobileEvents.xcframework */; settings = {ATTRIBUTES = (CodeSignOnCopy, RemoveHeadersOnCopy, ); }; };
		8AC85EBF28651E78003F8FC8 /* MapboxMobileEvents.xcframework in Frameworks */ = {isa = PBXBuildFile; fileRef = 8AC85EBC28651DCB003F8FC8 /* MapboxMobileEvents.xcframework */; };
		8AC85EC028651E78003F8FC8 /* MapboxMobileEvents.xcframework in Embed Frameworks */ = {isa = PBXBuildFile; fileRef = 8AC85EBC28651DCB003F8FC8 /* MapboxMobileEvents.xcframework */; settings = {ATTRIBUTES = (CodeSignOnCopy, RemoveHeadersOnCopy, ); }; };
		DA1AC0221E5C23B8006DF1D6 /* Contacts.framework in Frameworks */ = {isa = PBXBuildFile; fileRef = DA1AC0211E5C23B8006DF1D6 /* Contacts.framework */; };
		DA210BAB1CB4BE73008088FD /* ForwardGeocodingTests.swift in Sources */ = {isa = PBXBuildFile; fileRef = DA210BAA1CB4BE73008088FD /* ForwardGeocodingTests.swift */; };
		DA210BAD1CB4BFF7008088FD /* forward_valid.json in Resources */ = {isa = PBXBuildFile; fileRef = DA210BAC1CB4BFF7008088FD /* forward_valid.json */; };
		DA210BAF1CB4C5A7008088FD /* forward_invalid.json in Resources */ = {isa = PBXBuildFile; fileRef = DA210BAE1CB4C5A7008088FD /* forward_invalid.json */; };
		DA29C8DF1CEBE90200E48A61 /* MBPlacemarkScope.h in Headers */ = {isa = PBXBuildFile; fileRef = DA29C8DE1CEBE90200E48A61 /* MBPlacemarkScope.h */; settings = {ATTRIBUTES = (Public, ); }; };
		DA2E03F01CB0FDB400D1269A /* MBPlacemark.swift in Sources */ = {isa = PBXBuildFile; fileRef = DA2E03EF1CB0FDB400D1269A /* MBPlacemark.swift */; };
		DA2E03F21CB0FE0200D1269A /* MBRectangularRegion.swift in Sources */ = {isa = PBXBuildFile; fileRef = DA2E03F11CB0FE0200D1269A /* MBRectangularRegion.swift */; };
		DA2EC05C1CED72E900D4BA5D /* MBPlacemarkScope.swift in Sources */ = {isa = PBXBuildFile; fileRef = DA2EC05B1CED72E900D4BA5D /* MBPlacemarkScope.swift */; };
		DA2EC05E1CED732F00D4BA5D /* MBGeocodeOptions.swift in Sources */ = {isa = PBXBuildFile; fileRef = DA2EC05D1CED732F00D4BA5D /* MBGeocodeOptions.swift */; };
		DA4B402F255BCBA7001A4F30 /* MBPlacemarkPrecision.swift in Sources */ = {isa = PBXBuildFile; fileRef = DA4B402E255BCBA7001A4F30 /* MBPlacemarkPrecision.swift */; };
		DA4B4030255BCBA7001A4F30 /* MBPlacemarkPrecision.swift in Sources */ = {isa = PBXBuildFile; fileRef = DA4B402E255BCBA7001A4F30 /* MBPlacemarkPrecision.swift */; };
		DA4B4031255BCBA7001A4F30 /* MBPlacemarkPrecision.swift in Sources */ = {isa = PBXBuildFile; fileRef = DA4B402E255BCBA7001A4F30 /* MBPlacemarkPrecision.swift */; };
		DA4B4032255BCBA7001A4F30 /* MBPlacemarkPrecision.swift in Sources */ = {isa = PBXBuildFile; fileRef = DA4B402E255BCBA7001A4F30 /* MBPlacemarkPrecision.swift */; };
		DA4C581920E195E300A61B00 /* MapboxGeocoder.framework in Embed Frameworks */ = {isa = PBXBuildFile; fileRef = DDC2470419A1C3B40054B0C0 /* MapboxGeocoder.framework */; settings = {ATTRIBUTES = (CodeSignOnCopy, RemoveHeadersOnCopy, ); }; };
		DA4D90071DD63AEC006EC71A /* PlacemarkScopeTests.swift in Sources */ = {isa = PBXBuildFile; fileRef = DA4D90061DD63AEC006EC71A /* PlacemarkScopeTests.swift */; };
		DA4D90081DD63AEC006EC71A /* PlacemarkScopeTests.swift in Sources */ = {isa = PBXBuildFile; fileRef = DA4D90061DD63AEC006EC71A /* PlacemarkScopeTests.swift */; };
		DA4D90091DD63AEC006EC71A /* PlacemarkScopeTests.swift in Sources */ = {isa = PBXBuildFile; fileRef = DA4D90061DD63AEC006EC71A /* PlacemarkScopeTests.swift */; };
		DA5170AD1CF1B1DB00CD6DCF /* MapboxGeocoder.h in Headers */ = {isa = PBXBuildFile; fileRef = DDC229581A36073B006BE405 /* MapboxGeocoder.h */; settings = {ATTRIBUTES = (Public, ); }; };
		DA5170AE1CF1B1E000CD6DCF /* MBGeocodeOptions.swift in Sources */ = {isa = PBXBuildFile; fileRef = DA2EC05D1CED732F00D4BA5D /* MBGeocodeOptions.swift */; };
		DA5170AF1CF1B1E000CD6DCF /* MBGeocoder.swift in Sources */ = {isa = PBXBuildFile; fileRef = DDC229591A36073B006BE405 /* MBGeocoder.swift */; };
		DA5170B01CF1B1E000CD6DCF /* MBPlacemark.swift in Sources */ = {isa = PBXBuildFile; fileRef = DA2E03EF1CB0FDB400D1269A /* MBPlacemark.swift */; };
		DA5170B11CF1B1E000CD6DCF /* MBPlacemarkScope.h in Headers */ = {isa = PBXBuildFile; fileRef = DA29C8DE1CEBE90200E48A61 /* MBPlacemarkScope.h */; settings = {ATTRIBUTES = (Public, ); }; };
		DA5170B21CF1B1E000CD6DCF /* MBPlacemarkScope.swift in Sources */ = {isa = PBXBuildFile; fileRef = DA2EC05B1CED72E900D4BA5D /* MBPlacemarkScope.swift */; };
		DA5170B31CF1B1E000CD6DCF /* MBRectangularRegion.swift in Sources */ = {isa = PBXBuildFile; fileRef = DA2E03F11CB0FE0200D1269A /* MBRectangularRegion.swift */; };
		DA5170B41CF1B1EF00CD6DCF /* GeocoderTests.swift in Sources */ = {isa = PBXBuildFile; fileRef = DA701C001CB1292C00B0E520 /* GeocoderTests.swift */; };
		DA5170B51CF1B1EF00CD6DCF /* ForwardGeocodingTests.swift in Sources */ = {isa = PBXBuildFile; fileRef = DA210BAA1CB4BE73008088FD /* ForwardGeocodingTests.swift */; };
		DA5170B61CF1B1EF00CD6DCF /* ReverseGeocodingTests.swift in Sources */ = {isa = PBXBuildFile; fileRef = DDF1E84C1BD6F7BA00C40C78 /* ReverseGeocodingTests.swift */; };
		DA5170B81CF1B1F900CD6DCF /* forward_valid.json in Resources */ = {isa = PBXBuildFile; fileRef = DA210BAC1CB4BFF7008088FD /* forward_valid.json */; };
		DA5170B91CF1B1F900CD6DCF /* forward_invalid.json in Resources */ = {isa = PBXBuildFile; fileRef = DA210BAE1CB4C5A7008088FD /* forward_invalid.json */; };
		DA5170BA1CF1B1F900CD6DCF /* reverse_valid.json in Resources */ = {isa = PBXBuildFile; fileRef = DDF1E85B1BD70E4C00C40C78 /* reverse_valid.json */; };
		DA5170BB1CF1B1F900CD6DCF /* reverse_invalid.json in Resources */ = {isa = PBXBuildFile; fileRef = DDF1E85A1BD70E4C00C40C78 /* reverse_invalid.json */; };
		DA5170D81CF2541C00CD6DCF /* MapboxGeocoder.h in Headers */ = {isa = PBXBuildFile; fileRef = DDC229581A36073B006BE405 /* MapboxGeocoder.h */; settings = {ATTRIBUTES = (Public, ); }; };
		DA5170D91CF2541C00CD6DCF /* MBGeocodeOptions.swift in Sources */ = {isa = PBXBuildFile; fileRef = DA2EC05D1CED732F00D4BA5D /* MBGeocodeOptions.swift */; };
		DA5170DA1CF2541C00CD6DCF /* MBGeocoder.swift in Sources */ = {isa = PBXBuildFile; fileRef = DDC229591A36073B006BE405 /* MBGeocoder.swift */; };
		DA5170DB1CF2541C00CD6DCF /* MBPlacemark.swift in Sources */ = {isa = PBXBuildFile; fileRef = DA2E03EF1CB0FDB400D1269A /* MBPlacemark.swift */; };
		DA5170DC1CF2541C00CD6DCF /* MBPlacemarkScope.h in Headers */ = {isa = PBXBuildFile; fileRef = DA29C8DE1CEBE90200E48A61 /* MBPlacemarkScope.h */; settings = {ATTRIBUTES = (Public, ); }; };
		DA5170DD1CF2541C00CD6DCF /* MBPlacemarkScope.swift in Sources */ = {isa = PBXBuildFile; fileRef = DA2EC05B1CED72E900D4BA5D /* MBPlacemarkScope.swift */; };
		DA5170DE1CF2541C00CD6DCF /* MBRectangularRegion.swift in Sources */ = {isa = PBXBuildFile; fileRef = DA2E03F11CB0FE0200D1269A /* MBRectangularRegion.swift */; };
		DA5170DF1CF2542800CD6DCF /* GeocoderTests.swift in Sources */ = {isa = PBXBuildFile; fileRef = DA701C001CB1292C00B0E520 /* GeocoderTests.swift */; };
		DA5170E01CF2542800CD6DCF /* ForwardGeocodingTests.swift in Sources */ = {isa = PBXBuildFile; fileRef = DA210BAA1CB4BE73008088FD /* ForwardGeocodingTests.swift */; };
		DA5170E11CF2542800CD6DCF /* ReverseGeocodingTests.swift in Sources */ = {isa = PBXBuildFile; fileRef = DDF1E84C1BD6F7BA00C40C78 /* ReverseGeocodingTests.swift */; };
		DA5170E21CF2542B00CD6DCF /* forward_valid.json in Resources */ = {isa = PBXBuildFile; fileRef = DA210BAC1CB4BFF7008088FD /* forward_valid.json */; };
		DA5170E31CF2542B00CD6DCF /* forward_invalid.json in Resources */ = {isa = PBXBuildFile; fileRef = DA210BAE1CB4C5A7008088FD /* forward_invalid.json */; };
		DA5170E41CF2542B00CD6DCF /* reverse_valid.json in Resources */ = {isa = PBXBuildFile; fileRef = DDF1E85B1BD70E4C00C40C78 /* reverse_valid.json */; };
		DA5170E51CF2542B00CD6DCF /* reverse_invalid.json in Resources */ = {isa = PBXBuildFile; fileRef = DDF1E85A1BD70E4C00C40C78 /* reverse_invalid.json */; };
		DA5170F31CF2582F00CD6DCF /* MapboxGeocoder.h in Headers */ = {isa = PBXBuildFile; fileRef = DDC229581A36073B006BE405 /* MapboxGeocoder.h */; settings = {ATTRIBUTES = (Public, ); }; };
		DA5170F41CF2582F00CD6DCF /* MBGeocodeOptions.swift in Sources */ = {isa = PBXBuildFile; fileRef = DA2EC05D1CED732F00D4BA5D /* MBGeocodeOptions.swift */; };
		DA5170F51CF2582F00CD6DCF /* MBGeocoder.swift in Sources */ = {isa = PBXBuildFile; fileRef = DDC229591A36073B006BE405 /* MBGeocoder.swift */; };
		DA5170F61CF2582F00CD6DCF /* MBPlacemark.swift in Sources */ = {isa = PBXBuildFile; fileRef = DA2E03EF1CB0FDB400D1269A /* MBPlacemark.swift */; };
		DA5170F71CF2582F00CD6DCF /* MBPlacemarkScope.h in Headers */ = {isa = PBXBuildFile; fileRef = DA29C8DE1CEBE90200E48A61 /* MBPlacemarkScope.h */; settings = {ATTRIBUTES = (Public, ); }; };
		DA5170F81CF2582F00CD6DCF /* MBPlacemarkScope.swift in Sources */ = {isa = PBXBuildFile; fileRef = DA2EC05B1CED72E900D4BA5D /* MBPlacemarkScope.swift */; };
		DA5170F91CF2582F00CD6DCF /* MBRectangularRegion.swift in Sources */ = {isa = PBXBuildFile; fileRef = DA2E03F11CB0FE0200D1269A /* MBRectangularRegion.swift */; };
		DA58D8A11DB2ADDD00530CBB /* forward_valid_zh.json in Resources */ = {isa = PBXBuildFile; fileRef = DA58D8A01DB2ADDD00530CBB /* forward_valid_zh.json */; };
		DA58D8A21DB2ADDD00530CBB /* forward_valid_zh.json in Resources */ = {isa = PBXBuildFile; fileRef = DA58D8A01DB2ADDD00530CBB /* forward_valid_zh.json */; };
		DA58D8A31DB2ADDD00530CBB /* forward_valid_zh.json in Resources */ = {isa = PBXBuildFile; fileRef = DA58D8A01DB2ADDD00530CBB /* forward_valid_zh.json */; };
		DA701C011CB1292C00B0E520 /* GeocoderTests.swift in Sources */ = {isa = PBXBuildFile; fileRef = DA701C001CB1292C00B0E520 /* GeocoderTests.swift */; };
		DA737AEE1E5999C900AD2CDE /* Mapbox.framework in Frameworks */ = {isa = PBXBuildFile; fileRef = DA737AED1E5999C900AD2CDE /* Mapbox.framework */; };
		DA737AF51E599AB300AD2CDE /* Mapbox.framework in Frameworks */ = {isa = PBXBuildFile; fileRef = DA737AED1E5999C900AD2CDE /* Mapbox.framework */; };
		DA8B5C07225FB2F400CD1C99 /* MBPlacemarkPrecision.h in Headers */ = {isa = PBXBuildFile; fileRef = DA8B5C05225FB2F400CD1C99 /* MBPlacemarkPrecision.h */; settings = {ATTRIBUTES = (Public, ); }; };
		DA8B5C08225FB2F400CD1C99 /* MBPlacemarkPrecision.h in Headers */ = {isa = PBXBuildFile; fileRef = DA8B5C05225FB2F400CD1C99 /* MBPlacemarkPrecision.h */; settings = {ATTRIBUTES = (Public, ); }; };
		DA8B5C09225FB2F400CD1C99 /* MBPlacemarkPrecision.h in Headers */ = {isa = PBXBuildFile; fileRef = DA8B5C05225FB2F400CD1C99 /* MBPlacemarkPrecision.h */; settings = {ATTRIBUTES = (Public, ); }; };
		DA8B5C0A225FB2F400CD1C99 /* MBPlacemarkPrecision.h in Headers */ = {isa = PBXBuildFile; fileRef = DA8B5C05225FB2F400CD1C99 /* MBPlacemarkPrecision.h */; settings = {ATTRIBUTES = (Public, ); }; };
		DA8B5C0B225FB2F400CD1C99 /* MBPlacemarkPrecision.m in Sources */ = {isa = PBXBuildFile; fileRef = DA8B5C06225FB2F400CD1C99 /* MBPlacemarkPrecision.m */; };
		DA8B5C0C225FB2F400CD1C99 /* MBPlacemarkPrecision.m in Sources */ = {isa = PBXBuildFile; fileRef = DA8B5C06225FB2F400CD1C99 /* MBPlacemarkPrecision.m */; };
		DA8B5C0D225FB2F400CD1C99 /* MBPlacemarkPrecision.m in Sources */ = {isa = PBXBuildFile; fileRef = DA8B5C06225FB2F400CD1C99 /* MBPlacemarkPrecision.m */; };
		DA8B5C0E225FB2F400CD1C99 /* MBPlacemarkPrecision.m in Sources */ = {isa = PBXBuildFile; fileRef = DA8B5C06225FB2F400CD1C99 /* MBPlacemarkPrecision.m */; };
		DAA75ED620DDAD760049807C /* MapboxGeocoder.framework in Frameworks */ = {isa = PBXBuildFile; fileRef = DDC2470419A1C3B40054B0C0 /* MapboxGeocoder.framework */; };
		DAA75ED720DDAD760049807C /* MapboxGeocoder.framework in Embed Frameworks */ = {isa = PBXBuildFile; fileRef = DDC2470419A1C3B40054B0C0 /* MapboxGeocoder.framework */; settings = {ATTRIBUTES = (CodeSignOnCopy, RemoveHeadersOnCopy, ); }; };
		DAF158851D03D81600829B35 /* Launch Screen.storyboard in Resources */ = {isa = PBXBuildFile; fileRef = DAF158841D03D81600829B35 /* Launch Screen.storyboard */; };
		DAF158861D03D81600829B35 /* Launch Screen.storyboard in Resources */ = {isa = PBXBuildFile; fileRef = DAF158841D03D81600829B35 /* Launch Screen.storyboard */; };
		DD342B5619A140EE00219F77 /* AppDelegate.swift in Sources */ = {isa = PBXBuildFile; fileRef = DD342B5519A140EE00219F77 /* AppDelegate.swift */; };
		DD342B5819A140EE00219F77 /* ViewController.swift in Sources */ = {isa = PBXBuildFile; fileRef = DD342B5719A140EE00219F77 /* ViewController.swift */; };
		DDC2295C1A36074F006BE405 /* MapboxGeocoder.h in Headers */ = {isa = PBXBuildFile; fileRef = DDC229581A36073B006BE405 /* MapboxGeocoder.h */; settings = {ATTRIBUTES = (Public, ); }; };
		DDC2295E1A360843006BE405 /* MBGeocoder.swift in Sources */ = {isa = PBXBuildFile; fileRef = DDC229591A36073B006BE405 /* MBGeocoder.swift */; };
		DDC2472F19A1C60E0054B0C0 /* main.m in Sources */ = {isa = PBXBuildFile; fileRef = DDC2472E19A1C60E0054B0C0 /* main.m */; };
		DDC2473219A1C60E0054B0C0 /* AppDelegate.m in Sources */ = {isa = PBXBuildFile; fileRef = DDC2473119A1C60E0054B0C0 /* AppDelegate.m */; };
		DDC2473519A1C60E0054B0C0 /* ViewController.m in Sources */ = {isa = PBXBuildFile; fileRef = DDC2473419A1C60E0054B0C0 /* ViewController.m */; };
		DDF1E84D1BD6F7BA00C40C78 /* ReverseGeocodingTests.swift in Sources */ = {isa = PBXBuildFile; fileRef = DDF1E84C1BD6F7BA00C40C78 /* ReverseGeocodingTests.swift */; };
		DDF1E85C1BD70E4C00C40C78 /* reverse_invalid.json in Resources */ = {isa = PBXBuildFile; fileRef = DDF1E85A1BD70E4C00C40C78 /* reverse_invalid.json */; };
		DDF1E85D1BD70E4C00C40C78 /* reverse_valid.json in Resources */ = {isa = PBXBuildFile; fileRef = DDF1E85B1BD70E4C00C40C78 /* reverse_valid.json */; };
/* End PBXBuildFile section */

/* Begin PBXContainerItemProxy section */
		DA5170A11CF1B18F00CD6DCF /* PBXContainerItemProxy */ = {
			isa = PBXContainerItemProxy;
			containerPortal = DD342B4819A140EE00219F77 /* Project object */;
			proxyType = 1;
			remoteGlobalIDString = DA5170951CF1B18F00CD6DCF;
			remoteInfo = MapboxGeocoderMac;
		};
		DA5170CC1CF253EE00CD6DCF /* PBXContainerItemProxy */ = {
			isa = PBXContainerItemProxy;
			containerPortal = DD342B4819A140EE00219F77 /* Project object */;
			proxyType = 1;
			remoteGlobalIDString = DA5170C01CF253EE00CD6DCF;
			remoteInfo = MapboxGeocoderTV;
		};
		DD1772B51A360BAF00C40FDC /* PBXContainerItemProxy */ = {
			isa = PBXContainerItemProxy;
			containerPortal = DD342B4819A140EE00219F77 /* Project object */;
			proxyType = 1;
			remoteGlobalIDString = DDC2470319A1C3B40054B0C0;
			remoteInfo = MapboxGeocoder;
		};
		DDC2474D19A1C6400054B0C0 /* PBXContainerItemProxy */ = {
			isa = PBXContainerItemProxy;
			containerPortal = DD342B4819A140EE00219F77 /* Project object */;
			proxyType = 1;
			remoteGlobalIDString = DDC2470319A1C3B40054B0C0;
			remoteInfo = MBGeocoder;
		};
		DDF1E8501BD6F7BA00C40C78 /* PBXContainerItemProxy */ = {
			isa = PBXContainerItemProxy;
			containerPortal = DD342B4819A140EE00219F77 /* Project object */;
			proxyType = 1;
			remoteGlobalIDString = DDC2470319A1C3B40054B0C0;
			remoteInfo = MapboxGeocoder;
		};
		DDF1E85E1BD8435800C40C78 /* PBXContainerItemProxy */ = {
			isa = PBXContainerItemProxy;
			containerPortal = DD342B4819A140EE00219F77 /* Project object */;
			proxyType = 1;
			remoteGlobalIDString = DD342B4F19A140EE00219F77;
			remoteInfo = "Example (Swift)";
		};
/* End PBXContainerItemProxy section */

/* Begin PBXCopyFilesBuildPhase section */
		DA4C581A20E195E300A61B00 /* Embed Frameworks */ = {
			isa = PBXCopyFilesBuildPhase;
			buildActionMask = 2147483647;
			dstPath = "";
			dstSubfolderSpec = 10;
			files = (
				DA4C581920E195E300A61B00 /* MapboxGeocoder.framework in Embed Frameworks */,
				8AC85EC028651E78003F8FC8 /* MapboxMobileEvents.xcframework in Embed Frameworks */,
			);
			name = "Embed Frameworks";
			runOnlyForDeploymentPostprocessing = 0;
		};
		DAA75ED820DDAD760049807C /* Embed Frameworks */ = {
			isa = PBXCopyFilesBuildPhase;
			buildActionMask = 2147483647;
			dstPath = "";
			dstSubfolderSpec = 10;
			files = (
				DAA75ED720DDAD760049807C /* MapboxGeocoder.framework in Embed Frameworks */,
				8AC85EBE28651DCB003F8FC8 /* MapboxMobileEvents.xcframework in Embed Frameworks */,
			);
			name = "Embed Frameworks";
			runOnlyForDeploymentPostprocessing = 0;
		};
/* End PBXCopyFilesBuildPhase section */

/* Begin PBXFileReference section */
		079F41E720E42EEF007EEB5E /* BatchGeocodingTests.swift */ = {isa = PBXFileReference; lastKnownFileType = sourcecode.swift; path = BatchGeocodingTests.swift; sourceTree = "<group>"; };
		07CF859E20F6DE61007B26B6 /* permanent_invalid_token.json */ = {isa = PBXFileReference; fileEncoding = 4; lastKnownFileType = text.json; path = permanent_invalid_token.json; sourceTree = "<group>"; };
		07CF85A220F6DED8007B26B6 /* permanent_invalid_token_scope.json */ = {isa = PBXFileReference; fileEncoding = 4; lastKnownFileType = text.json; path = permanent_invalid_token_scope.json; sourceTree = "<group>"; };
		07CF85A620F6DF0E007B26B6 /* permanent_invalid.json */ = {isa = PBXFileReference; fileEncoding = 4; lastKnownFileType = text.json; path = permanent_invalid.json; sourceTree = "<group>"; };
		07CF85AA20F6DF1D007B26B6 /* permanent_forward_single_no_results.json */ = {isa = PBXFileReference; fileEncoding = 4; lastKnownFileType = text.json; path = permanent_forward_single_no_results.json; sourceTree = "<group>"; };
		07CF85AE20F6DF2F007B26B6 /* permanent_forward_multiple_no_results.json */ = {isa = PBXFileReference; fileEncoding = 4; lastKnownFileType = text.json; path = permanent_forward_multiple_no_results.json; sourceTree = "<group>"; };
		07CF85B220F6DF3C007B26B6 /* permanent_forward_multiple_valid.json */ = {isa = PBXFileReference; fileEncoding = 4; lastKnownFileType = text.json; path = permanent_forward_multiple_valid.json; sourceTree = "<group>"; };
		07CF85B620F6DF55007B26B6 /* permanent_forward_single_valid.json */ = {isa = PBXFileReference; fileEncoding = 4; lastKnownFileType = text.json; path = permanent_forward_single_valid.json; sourceTree = "<group>"; };
		07CF85BA20F6DF76007B26B6 /* permanent_reverse_multiple_valid.json */ = {isa = PBXFileReference; fileEncoding = 4; lastKnownFileType = text.json; path = permanent_reverse_multiple_valid.json; sourceTree = "<group>"; };
		07CF85BE20F6DF86007B26B6 /* permanent_reverse_single_no_results.json */ = {isa = PBXFileReference; fileEncoding = 4; lastKnownFileType = text.json; path = permanent_reverse_single_no_results.json; sourceTree = "<group>"; };
		07CF85C220F6DF93007B26B6 /* permanent_reverse_multiple_no_results.json */ = {isa = PBXFileReference; fileEncoding = 4; lastKnownFileType = text.json; path = permanent_reverse_multiple_no_results.json; sourceTree = "<group>"; };
		07CF85C620F6DFEB007B26B6 /* permanent_reverse_single_valid.json */ = {isa = PBXFileReference; fileEncoding = 4; lastKnownFileType = text.json; path = permanent_reverse_single_valid.json; sourceTree = "<group>"; };
		35506B8A200F856400629509 /* BridgingTests.m */ = {isa = PBXFileReference; lastKnownFileType = sourcecode.c.objc; path = BridgingTests.m; sourceTree = "<group>"; };
		357B4357202CC90A00735521 /* reverse_address.json */ = {isa = PBXFileReference; lastKnownFileType = text.json; path = reverse_address.json; sourceTree = "<group>"; };
		35D3DE382112410A00B62912 /* CoreLocation.swift */ = {isa = PBXFileReference; lastKnownFileType = sourcecode.swift; path = CoreLocation.swift; sourceTree = "<group>"; };
		8AC85EB828650EFF003F8FC8 /* OHHTTPStubs.xcframework */ = {isa = PBXFileReference; lastKnownFileType = wrapper.xcframework; name = OHHTTPStubs.xcframework; path = Carthage/Build/OHHTTPStubs.xcframework; sourceTree = "<group>"; };
		8AC85EBC28651DCB003F8FC8 /* MapboxMobileEvents.xcframework */ = {isa = PBXFileReference; lastKnownFileType = wrapper.xcframework; name = MapboxMobileEvents.xcframework; path = Carthage/Build/MapboxMobileEvents.xcframework; sourceTree = "<group>"; };
		DA1AC0211E5C23B8006DF1D6 /* Contacts.framework */ = {isa = PBXFileReference; lastKnownFileType = wrapper.framework; name = Contacts.framework; path = System/Library/Frameworks/Contacts.framework; sourceTree = SDKROOT; };
		DA210BAA1CB4BE73008088FD /* ForwardGeocodingTests.swift */ = {isa = PBXFileReference; fileEncoding = 4; lastKnownFileType = sourcecode.swift; path = ForwardGeocodingTests.swift; sourceTree = "<group>"; };
		DA210BAC1CB4BFF7008088FD /* forward_valid.json */ = {isa = PBXFileReference; fileEncoding = 4; lastKnownFileType = text.json; path = forward_valid.json; sourceTree = "<group>"; };
		DA210BAE1CB4C5A7008088FD /* forward_invalid.json */ = {isa = PBXFileReference; fileEncoding = 4; lastKnownFileType = text.json; path = forward_invalid.json; sourceTree = "<group>"; };
		DA29C8DE1CEBE90200E48A61 /* MBPlacemarkScope.h */ = {isa = PBXFileReference; fileEncoding = 4; lastKnownFileType = sourcecode.c.h; path = MBPlacemarkScope.h; sourceTree = "<group>"; };
		DA2E03EF1CB0FDB400D1269A /* MBPlacemark.swift */ = {isa = PBXFileReference; fileEncoding = 4; lastKnownFileType = sourcecode.swift; path = MBPlacemark.swift; sourceTree = "<group>"; };
		DA2E03F11CB0FE0200D1269A /* MBRectangularRegion.swift */ = {isa = PBXFileReference; fileEncoding = 4; lastKnownFileType = sourcecode.swift; path = MBRectangularRegion.swift; sourceTree = "<group>"; };
		DA2EC05B1CED72E900D4BA5D /* MBPlacemarkScope.swift */ = {isa = PBXFileReference; fileEncoding = 4; lastKnownFileType = sourcecode.swift; path = MBPlacemarkScope.swift; sourceTree = "<group>"; };
		DA2EC05D1CED732F00D4BA5D /* MBGeocodeOptions.swift */ = {isa = PBXFileReference; fileEncoding = 4; lastKnownFileType = sourcecode.swift; path = MBGeocodeOptions.swift; sourceTree = "<group>"; };
		DA4B402E255BCBA7001A4F30 /* MBPlacemarkPrecision.swift */ = {isa = PBXFileReference; fileEncoding = 4; lastKnownFileType = sourcecode.swift; path = MBPlacemarkPrecision.swift; sourceTree = "<group>"; };
		DA4D90061DD63AEC006EC71A /* PlacemarkScopeTests.swift */ = {isa = PBXFileReference; fileEncoding = 4; lastKnownFileType = sourcecode.swift; path = PlacemarkScopeTests.swift; sourceTree = "<group>"; };
		DA5170961CF1B18F00CD6DCF /* MapboxGeocoder.framework */ = {isa = PBXFileReference; explicitFileType = wrapper.framework; includeInIndex = 0; path = MapboxGeocoder.framework; sourceTree = BUILT_PRODUCTS_DIR; };
		DA51709F1CF1B18F00CD6DCF /* MapboxGeocoderTests.xctest */ = {isa = PBXFileReference; explicitFileType = wrapper.cfbundle; includeInIndex = 0; path = MapboxGeocoderTests.xctest; sourceTree = BUILT_PRODUCTS_DIR; };
		DA5170C11CF253EE00CD6DCF /* MapboxGeocoder.framework */ = {isa = PBXFileReference; explicitFileType = wrapper.framework; includeInIndex = 0; path = MapboxGeocoder.framework; sourceTree = BUILT_PRODUCTS_DIR; };
		DA5170CA1CF253EE00CD6DCF /* MapboxGeocoderTests.xctest */ = {isa = PBXFileReference; explicitFileType = wrapper.cfbundle; includeInIndex = 0; path = MapboxGeocoderTests.xctest; sourceTree = BUILT_PRODUCTS_DIR; };
		DA5170EB1CF2581900CD6DCF /* MapboxGeocoder.framework */ = {isa = PBXFileReference; explicitFileType = wrapper.framework; includeInIndex = 0; path = MapboxGeocoder.framework; sourceTree = BUILT_PRODUCTS_DIR; };
		DA58D8A01DB2ADDD00530CBB /* forward_valid_zh.json */ = {isa = PBXFileReference; fileEncoding = 4; lastKnownFileType = text.json; path = forward_valid_zh.json; sourceTree = "<group>"; };
		DA701C001CB1292C00B0E520 /* GeocoderTests.swift */ = {isa = PBXFileReference; fileEncoding = 4; lastKnownFileType = sourcecode.swift; path = GeocoderTests.swift; sourceTree = "<group>"; };
		DA737AED1E5999C900AD2CDE /* Mapbox.framework */ = {isa = PBXFileReference; lastKnownFileType = wrapper.framework; name = Mapbox.framework; path = Carthage/Build/iOS/Mapbox.framework; sourceTree = "<group>"; };
		DA8B5C05225FB2F400CD1C99 /* MBPlacemarkPrecision.h */ = {isa = PBXFileReference; lastKnownFileType = sourcecode.c.h; path = MBPlacemarkPrecision.h; sourceTree = "<group>"; };
		DA8B5C06225FB2F400CD1C99 /* MBPlacemarkPrecision.m */ = {isa = PBXFileReference; lastKnownFileType = sourcecode.c.objc; path = MBPlacemarkPrecision.m; sourceTree = "<group>"; };
		DAF158841D03D81600829B35 /* Launch Screen.storyboard */ = {isa = PBXFileReference; fileEncoding = 4; lastKnownFileType = file.storyboard; path = "Launch Screen.storyboard"; sourceTree = "<group>"; };
		DD342B5019A140EE00219F77 /* Geocoder (Swift).app */ = {isa = PBXFileReference; explicitFileType = wrapper.application; includeInIndex = 0; path = "Geocoder (Swift).app"; sourceTree = BUILT_PRODUCTS_DIR; };
		DD342B5419A140EE00219F77 /* Info.plist */ = {isa = PBXFileReference; lastKnownFileType = text.plist.xml; path = Info.plist; sourceTree = "<group>"; };
		DD342B5519A140EE00219F77 /* AppDelegate.swift */ = {isa = PBXFileReference; lastKnownFileType = sourcecode.swift; path = AppDelegate.swift; sourceTree = "<group>"; };
		DD342B5719A140EE00219F77 /* ViewController.swift */ = {isa = PBXFileReference; lastKnownFileType = sourcecode.swift; path = ViewController.swift; sourceTree = "<group>"; };
		DDC229581A36073B006BE405 /* MapboxGeocoder.h */ = {isa = PBXFileReference; fileEncoding = 4; lastKnownFileType = sourcecode.c.h; path = MapboxGeocoder.h; sourceTree = "<group>"; };
		DDC229591A36073B006BE405 /* MBGeocoder.swift */ = {isa = PBXFileReference; fileEncoding = 4; lastKnownFileType = sourcecode.swift; path = MBGeocoder.swift; sourceTree = "<group>"; };
		DDC2470419A1C3B40054B0C0 /* MapboxGeocoder.framework */ = {isa = PBXFileReference; explicitFileType = wrapper.framework; includeInIndex = 0; path = MapboxGeocoder.framework; sourceTree = BUILT_PRODUCTS_DIR; };
		DDC2470719A1C3B40054B0C0 /* Info.plist */ = {isa = PBXFileReference; lastKnownFileType = text.plist.xml; path = Info.plist; sourceTree = "<group>"; };
		DDC2472A19A1C60E0054B0C0 /* Geocoder (Objective-C).app */ = {isa = PBXFileReference; explicitFileType = wrapper.application; includeInIndex = 0; path = "Geocoder (Objective-C).app"; sourceTree = BUILT_PRODUCTS_DIR; };
		DDC2472E19A1C60E0054B0C0 /* main.m */ = {isa = PBXFileReference; lastKnownFileType = sourcecode.c.objc; path = main.m; sourceTree = "<group>"; };
		DDC2473019A1C60E0054B0C0 /* AppDelegate.h */ = {isa = PBXFileReference; lastKnownFileType = sourcecode.c.h; path = AppDelegate.h; sourceTree = "<group>"; };
		DDC2473119A1C60E0054B0C0 /* AppDelegate.m */ = {isa = PBXFileReference; lastKnownFileType = sourcecode.c.objc; path = AppDelegate.m; sourceTree = "<group>"; };
		DDC2473319A1C60E0054B0C0 /* ViewController.h */ = {isa = PBXFileReference; lastKnownFileType = sourcecode.c.h; path = ViewController.h; sourceTree = "<group>"; };
		DDC2473419A1C60E0054B0C0 /* ViewController.m */ = {isa = PBXFileReference; lastKnownFileType = sourcecode.c.objc; path = ViewController.m; sourceTree = "<group>"; };
		DDF1E84A1BD6F7BA00C40C78 /* MapboxGeocoderTests.xctest */ = {isa = PBXFileReference; explicitFileType = wrapper.cfbundle; includeInIndex = 0; path = MapboxGeocoderTests.xctest; sourceTree = BUILT_PRODUCTS_DIR; };
		DDF1E84C1BD6F7BA00C40C78 /* ReverseGeocodingTests.swift */ = {isa = PBXFileReference; lastKnownFileType = sourcecode.swift; path = ReverseGeocodingTests.swift; sourceTree = "<group>"; };
		DDF1E84E1BD6F7BA00C40C78 /* Info.plist */ = {isa = PBXFileReference; lastKnownFileType = text.plist.xml; path = Info.plist; sourceTree = "<group>"; };
		DDF1E85A1BD70E4C00C40C78 /* reverse_invalid.json */ = {isa = PBXFileReference; fileEncoding = 4; lastKnownFileType = text.json; path = reverse_invalid.json; sourceTree = "<group>"; };
		DDF1E85B1BD70E4C00C40C78 /* reverse_valid.json */ = {isa = PBXFileReference; fileEncoding = 4; lastKnownFileType = text.json; path = reverse_valid.json; sourceTree = "<group>"; };
/* End PBXFileReference section */

/* Begin PBXFrameworksBuildPhase section */
		DA5170921CF1B18F00CD6DCF /* Frameworks */ = {
			isa = PBXFrameworksBuildPhase;
			buildActionMask = 2147483647;
			files = (
			);
			runOnlyForDeploymentPostprocessing = 0;
		};
		DA51709C1CF1B18F00CD6DCF /* Frameworks */ = {
			isa = PBXFrameworksBuildPhase;
			buildActionMask = 2147483647;
			files = (
				8AC85EBA28650F07003F8FC8 /* OHHTTPStubs.xcframework in Frameworks */,
			);
			runOnlyForDeploymentPostprocessing = 0;
		};
		DA5170BD1CF253EE00CD6DCF /* Frameworks */ = {
			isa = PBXFrameworksBuildPhase;
			buildActionMask = 2147483647;
			files = (
			);
			runOnlyForDeploymentPostprocessing = 0;
		};
		DA5170C71CF253EE00CD6DCF /* Frameworks */ = {
			isa = PBXFrameworksBuildPhase;
			buildActionMask = 2147483647;
			files = (
				8AC85EBB28650F0B003F8FC8 /* OHHTTPStubs.xcframework in Frameworks */,
			);
			runOnlyForDeploymentPostprocessing = 0;
		};
		DA5170E71CF2581900CD6DCF /* Frameworks */ = {
			isa = PBXFrameworksBuildPhase;
			buildActionMask = 2147483647;
			files = (
			);
			runOnlyForDeploymentPostprocessing = 0;
		};
		DD342B4D19A140EE00219F77 /* Frameworks */ = {
			isa = PBXFrameworksBuildPhase;
			buildActionMask = 2147483647;
			files = (
				DAA75ED620DDAD760049807C /* MapboxGeocoder.framework in Frameworks */,
				DA737AEE1E5999C900AD2CDE /* Mapbox.framework in Frameworks */,
				8AC85EBD28651DCB003F8FC8 /* MapboxMobileEvents.xcframework in Frameworks */,
			);
			runOnlyForDeploymentPostprocessing = 0;
		};
		DDC2470019A1C3B40054B0C0 /* Frameworks */ = {
			isa = PBXFrameworksBuildPhase;
			buildActionMask = 2147483647;
			files = (
				DA1AC0221E5C23B8006DF1D6 /* Contacts.framework in Frameworks */,
			);
			runOnlyForDeploymentPostprocessing = 0;
		};
		DDC2472719A1C60E0054B0C0 /* Frameworks */ = {
			isa = PBXFrameworksBuildPhase;
			buildActionMask = 2147483647;
			files = (
				DA737AF51E599AB300AD2CDE /* Mapbox.framework in Frameworks */,
				8AC85EBF28651E78003F8FC8 /* MapboxMobileEvents.xcframework in Frameworks */,
			);
			runOnlyForDeploymentPostprocessing = 0;
		};
		DDF1E8471BD6F7BA00C40C78 /* Frameworks */ = {
			isa = PBXFrameworksBuildPhase;
			buildActionMask = 2147483647;
			files = (
				8AC85EB928650EFF003F8FC8 /* OHHTTPStubs.xcframework in Frameworks */,
			);
			runOnlyForDeploymentPostprocessing = 0;
		};
/* End PBXFrameworksBuildPhase section */

/* Begin PBXGroup section */
		DA737AF01E5999D500AD2CDE /* Frameworks */ = {
			isa = PBXGroup;
			children = (
				8AC85EBC28651DCB003F8FC8 /* MapboxMobileEvents.xcframework */,
				8AC85EB828650EFF003F8FC8 /* OHHTTPStubs.xcframework */,
				DA1AC0211E5C23B8006DF1D6 /* Contacts.framework */,
				DA737AED1E5999C900AD2CDE /* Mapbox.framework */,
			);
			name = Frameworks;
			sourceTree = "<group>";
		};
		DD342B4719A140EE00219F77 = {
			isa = PBXGroup;
			children = (
				DD342B5219A140EE00219F77 /* Geocoder Example */,
				DDC246FC19A1C2C20054B0C0 /* MapboxGeocoder */,
				DDF1E84B1BD6F7BA00C40C78 /* MapboxGeocoderTests */,
				DD342B5119A140EE00219F77 /* Products */,
				DA737AF01E5999D500AD2CDE /* Frameworks */,
			);
			sourceTree = "<group>";
		};
		DD342B5119A140EE00219F77 /* Products */ = {
			isa = PBXGroup;
			children = (
				DD342B5019A140EE00219F77 /* Geocoder (Swift).app */,
				DDC2470419A1C3B40054B0C0 /* MapboxGeocoder.framework */,
				DDC2472A19A1C60E0054B0C0 /* Geocoder (Objective-C).app */,
				DDF1E84A1BD6F7BA00C40C78 /* MapboxGeocoderTests.xctest */,
				DA5170961CF1B18F00CD6DCF /* MapboxGeocoder.framework */,
				DA51709F1CF1B18F00CD6DCF /* MapboxGeocoderTests.xctest */,
				DA5170C11CF253EE00CD6DCF /* MapboxGeocoder.framework */,
				DA5170CA1CF253EE00CD6DCF /* MapboxGeocoderTests.xctest */,
				DA5170EB1CF2581900CD6DCF /* MapboxGeocoder.framework */,
			);
			name = Products;
			sourceTree = "<group>";
		};
		DD342B5219A140EE00219F77 /* Geocoder Example */ = {
			isa = PBXGroup;
			children = (
				DDC246FD19A1C2D20054B0C0 /* Swift */,
				DDC2475019A1C6660054B0C0 /* Objective-C */,
				DD342B5319A140EE00219F77 /* Supporting Files */,
			);
			path = "Geocoder Example";
			sourceTree = "<group>";
		};
		DD342B5319A140EE00219F77 /* Supporting Files */ = {
			isa = PBXGroup;
			children = (
				DD342B5419A140EE00219F77 /* Info.plist */,
				DAF158841D03D81600829B35 /* Launch Screen.storyboard */,
			);
			name = "Supporting Files";
			sourceTree = "<group>";
		};
		DDC246FC19A1C2C20054B0C0 /* MapboxGeocoder */ = {
			isa = PBXGroup;
			children = (
				DDC229581A36073B006BE405 /* MapboxGeocoder.h */,
				DA2EC05D1CED732F00D4BA5D /* MBGeocodeOptions.swift */,
				DDC229591A36073B006BE405 /* MBGeocoder.swift */,
				DA2E03EF1CB0FDB400D1269A /* MBPlacemark.swift */,
				DA8B5C05225FB2F400CD1C99 /* MBPlacemarkPrecision.h */,
				DA8B5C06225FB2F400CD1C99 /* MBPlacemarkPrecision.m */,
				DA4B402E255BCBA7001A4F30 /* MBPlacemarkPrecision.swift */,
				DA29C8DE1CEBE90200E48A61 /* MBPlacemarkScope.h */,
				DA2EC05B1CED72E900D4BA5D /* MBPlacemarkScope.swift */,
				DA2E03F11CB0FE0200D1269A /* MBRectangularRegion.swift */,
				DDC2470619A1C3B40054B0C0 /* Supporting Files */,
				35D3DE382112410A00B62912 /* CoreLocation.swift */,
			);
			name = MapboxGeocoder;
			path = Sources/MapboxGeocoder;
			sourceTree = "<group>";
		};
		DDC246FD19A1C2D20054B0C0 /* Swift */ = {
			isa = PBXGroup;
			children = (
				DD342B5519A140EE00219F77 /* AppDelegate.swift */,
				DD342B5719A140EE00219F77 /* ViewController.swift */,
			);
			name = Swift;
			sourceTree = "<group>";
		};
		DDC2470619A1C3B40054B0C0 /* Supporting Files */ = {
			isa = PBXGroup;
			children = (
				DDC2470719A1C3B40054B0C0 /* Info.plist */,
			);
			name = "Supporting Files";
			sourceTree = "<group>";
		};
		DDC2475019A1C6660054B0C0 /* Objective-C */ = {
			isa = PBXGroup;
			children = (
				DDC2472E19A1C60E0054B0C0 /* main.m */,
				DDC2473019A1C60E0054B0C0 /* AppDelegate.h */,
				DDC2473119A1C60E0054B0C0 /* AppDelegate.m */,
				DDC2473319A1C60E0054B0C0 /* ViewController.h */,
				DDC2473419A1C60E0054B0C0 /* ViewController.m */,
			);
			name = "Objective-C";
			sourceTree = "<group>";
		};
		DDF1E84B1BD6F7BA00C40C78 /* MapboxGeocoderTests */ = {
			isa = PBXGroup;
			children = (
				079F41E720E42EEF007EEB5E /* BatchGeocodingTests.swift */,
				DA701C001CB1292C00B0E520 /* GeocoderTests.swift */,
				DA210BAA1CB4BE73008088FD /* ForwardGeocodingTests.swift */,
				DDF1E84C1BD6F7BA00C40C78 /* ReverseGeocodingTests.swift */,
				DA4D90061DD63AEC006EC71A /* PlacemarkScopeTests.swift */,
				35506B8A200F856400629509 /* BridgingTests.m */,
				DDF1E84E1BD6F7BA00C40C78 /* Info.plist */,
				DDF1E8571BD700EB00C40C78 /* Fixtures */,
			);
			name = MapboxGeocoderTests;
			path = Tests/MapboxGeocoderTests;
			sourceTree = "<group>";
		};
		DDF1E8571BD700EB00C40C78 /* Fixtures */ = {
			isa = PBXGroup;
			children = (
				07CF85A220F6DED8007B26B6 /* permanent_invalid_token_scope.json */,
				07CF859E20F6DE61007B26B6 /* permanent_invalid_token.json */,
				07CF85A620F6DF0E007B26B6 /* permanent_invalid.json */,
				07CF85AA20F6DF1D007B26B6 /* permanent_forward_single_no_results.json */,
				07CF85AE20F6DF2F007B26B6 /* permanent_forward_multiple_no_results.json */,
				07CF85B220F6DF3C007B26B6 /* permanent_forward_multiple_valid.json */,
				07CF85B620F6DF55007B26B6 /* permanent_forward_single_valid.json */,
				07CF85C620F6DFEB007B26B6 /* permanent_reverse_single_valid.json */,
				07CF85BA20F6DF76007B26B6 /* permanent_reverse_multiple_valid.json */,
				07CF85BE20F6DF86007B26B6 /* permanent_reverse_single_no_results.json */,
				07CF85C220F6DF93007B26B6 /* permanent_reverse_multiple_no_results.json */,
				DA210BAC1CB4BFF7008088FD /* forward_valid.json */,
				DA58D8A01DB2ADDD00530CBB /* forward_valid_zh.json */,
				DA210BAE1CB4C5A7008088FD /* forward_invalid.json */,
				DDF1E85B1BD70E4C00C40C78 /* reverse_valid.json */,
				DDF1E85A1BD70E4C00C40C78 /* reverse_invalid.json */,
				357B4357202CC90A00735521 /* reverse_address.json */,
			);
			name = Fixtures;
			path = fixtures;
			sourceTree = "<group>";
		};
/* End PBXGroup section */

/* Begin PBXHeadersBuildPhase section */
		DA5170931CF1B18F00CD6DCF /* Headers */ = {
			isa = PBXHeadersBuildPhase;
			buildActionMask = 2147483647;
			files = (
				DA5170AD1CF1B1DB00CD6DCF /* MapboxGeocoder.h in Headers */,
				DA5170B11CF1B1E000CD6DCF /* MBPlacemarkScope.h in Headers */,
				DA8B5C08225FB2F400CD1C99 /* MBPlacemarkPrecision.h in Headers */,
			);
			runOnlyForDeploymentPostprocessing = 0;
		};
		DA5170BE1CF253EE00CD6DCF /* Headers */ = {
			isa = PBXHeadersBuildPhase;
			buildActionMask = 2147483647;
			files = (
				DA5170D81CF2541C00CD6DCF /* MapboxGeocoder.h in Headers */,
				DA5170DC1CF2541C00CD6DCF /* MBPlacemarkScope.h in Headers */,
				DA8B5C09225FB2F400CD1C99 /* MBPlacemarkPrecision.h in Headers */,
			);
			runOnlyForDeploymentPostprocessing = 0;
		};
		DA5170E81CF2581900CD6DCF /* Headers */ = {
			isa = PBXHeadersBuildPhase;
			buildActionMask = 2147483647;
			files = (
				DA5170F31CF2582F00CD6DCF /* MapboxGeocoder.h in Headers */,
				DA5170F71CF2582F00CD6DCF /* MBPlacemarkScope.h in Headers */,
				DA8B5C0A225FB2F400CD1C99 /* MBPlacemarkPrecision.h in Headers */,
			);
			runOnlyForDeploymentPostprocessing = 0;
		};
		DDC2470119A1C3B40054B0C0 /* Headers */ = {
			isa = PBXHeadersBuildPhase;
			buildActionMask = 2147483647;
			files = (
				DA29C8DF1CEBE90200E48A61 /* MBPlacemarkScope.h in Headers */,
				DDC2295C1A36074F006BE405 /* MapboxGeocoder.h in Headers */,
				DA8B5C07225FB2F400CD1C99 /* MBPlacemarkPrecision.h in Headers */,
			);
			runOnlyForDeploymentPostprocessing = 0;
		};
/* End PBXHeadersBuildPhase section */

/* Begin PBXNativeTarget section */
		DA5170951CF1B18F00CD6DCF /* MapboxGeocoderMac */ = {
			isa = PBXNativeTarget;
			buildConfigurationList = DA5170AB1CF1B18F00CD6DCF /* Build configuration list for PBXNativeTarget "MapboxGeocoderMac" */;
			buildPhases = (
				DA5170931CF1B18F00CD6DCF /* Headers */,
				DA5170911CF1B18F00CD6DCF /* Sources */,
				DA5170921CF1B18F00CD6DCF /* Frameworks */,
				DA5170941CF1B18F00CD6DCF /* Resources */,
			);
			buildRules = (
			);
			dependencies = (
			);
			name = MapboxGeocoderMac;
			productName = MapboxGeocoderMac;
			productReference = DA5170961CF1B18F00CD6DCF /* MapboxGeocoder.framework */;
			productType = "com.apple.product-type.framework";
		};
		DA51709E1CF1B18F00CD6DCF /* MapboxGeocoderMacTests */ = {
			isa = PBXNativeTarget;
			buildConfigurationList = DA5170AC1CF1B18F00CD6DCF /* Build configuration list for PBXNativeTarget "MapboxGeocoderMacTests" */;
			buildPhases = (
				DA51709B1CF1B18F00CD6DCF /* Sources */,
				DA51709C1CF1B18F00CD6DCF /* Frameworks */,
				DA51709D1CF1B18F00CD6DCF /* Resources */,
			);
			buildRules = (
			);
			dependencies = (
				DA5170A21CF1B18F00CD6DCF /* PBXTargetDependency */,
			);
			name = MapboxGeocoderMacTests;
			productName = MapboxGeocoderMacTests;
			productReference = DA51709F1CF1B18F00CD6DCF /* MapboxGeocoderTests.xctest */;
			productType = "com.apple.product-type.bundle.unit-test";
		};
		DA5170C01CF253EE00CD6DCF /* MapboxGeocoderTV */ = {
			isa = PBXNativeTarget;
			buildConfigurationList = DA5170D61CF253EE00CD6DCF /* Build configuration list for PBXNativeTarget "MapboxGeocoderTV" */;
			buildPhases = (
				DA5170BE1CF253EE00CD6DCF /* Headers */,
				DA5170BC1CF253EE00CD6DCF /* Sources */,
				DA5170BD1CF253EE00CD6DCF /* Frameworks */,
				DA5170BF1CF253EE00CD6DCF /* Resources */,
			);
			buildRules = (
			);
			dependencies = (
			);
			name = MapboxGeocoderTV;
			productName = MapboxGeocoderTV;
			productReference = DA5170C11CF253EE00CD6DCF /* MapboxGeocoder.framework */;
			productType = "com.apple.product-type.framework";
		};
		DA5170C91CF253EE00CD6DCF /* MapboxGeocoderTVTests */ = {
			isa = PBXNativeTarget;
			buildConfigurationList = DA5170D71CF253EE00CD6DCF /* Build configuration list for PBXNativeTarget "MapboxGeocoderTVTests" */;
			buildPhases = (
				DA5170C61CF253EE00CD6DCF /* Sources */,
				DA5170C71CF253EE00CD6DCF /* Frameworks */,
				DA5170C81CF253EE00CD6DCF /* Resources */,
			);
			buildRules = (
			);
			dependencies = (
				DA5170CD1CF253EE00CD6DCF /* PBXTargetDependency */,
			);
			name = MapboxGeocoderTVTests;
			productName = MapboxGeocoderTVTests;
			productReference = DA5170CA1CF253EE00CD6DCF /* MapboxGeocoderTests.xctest */;
			productType = "com.apple.product-type.bundle.unit-test";
		};
		DA5170EA1CF2581900CD6DCF /* MapboxGeocoderWatch */ = {
			isa = PBXNativeTarget;
			buildConfigurationList = DA5170F21CF2581900CD6DCF /* Build configuration list for PBXNativeTarget "MapboxGeocoderWatch" */;
			buildPhases = (
				DA5170E81CF2581900CD6DCF /* Headers */,
				DA5170E61CF2581900CD6DCF /* Sources */,
				DA5170E71CF2581900CD6DCF /* Frameworks */,
				DA5170E91CF2581900CD6DCF /* Resources */,
			);
			buildRules = (
			);
			dependencies = (
			);
			name = MapboxGeocoderWatch;
			productName = MapboxGeocoderWatch;
			productReference = DA5170EB1CF2581900CD6DCF /* MapboxGeocoder.framework */;
			productType = "com.apple.product-type.framework";
		};
		DD342B4F19A140EE00219F77 /* Example (Swift) */ = {
			isa = PBXNativeTarget;
			buildConfigurationList = DD342B6C19A140EE00219F77 /* Build configuration list for PBXNativeTarget "Example (Swift)" */;
			buildPhases = (
				DD342B4C19A140EE00219F77 /* Sources */,
				DD342B4D19A140EE00219F77 /* Frameworks */,
				DD342B4E19A140EE00219F77 /* Resources */,
				DA737AF11E599A2300AD2CDE /* Copy Frameworks */,
				DAA75ED820DDAD760049807C /* Embed Frameworks */,
			);
			buildRules = (
			);
			dependencies = (
				DD1772B61A360BAF00C40FDC /* PBXTargetDependency */,
			);
			name = "Example (Swift)";
			productName = "Geocoder Example";
			productReference = DD342B5019A140EE00219F77 /* Geocoder (Swift).app */;
			productType = "com.apple.product-type.application";
		};
		DDC2470319A1C3B40054B0C0 /* MapboxGeocoder */ = {
			isa = PBXNativeTarget;
			buildConfigurationList = DDC2471D19A1C3B40054B0C0 /* Build configuration list for PBXNativeTarget "MapboxGeocoder" */;
			buildPhases = (
				DDC2470119A1C3B40054B0C0 /* Headers */,
				DDC246FF19A1C3B40054B0C0 /* Sources */,
				DDC2470019A1C3B40054B0C0 /* Frameworks */,
				DDC2470219A1C3B40054B0C0 /* Resources */,
			);
			buildRules = (
			);
			dependencies = (
			);
			name = MapboxGeocoder;
			productName = MBGeocoder;
			productReference = DDC2470419A1C3B40054B0C0 /* MapboxGeocoder.framework */;
			productType = "com.apple.product-type.framework";
		};
		DDC2472919A1C60E0054B0C0 /* Example (Objective-C) */ = {
			isa = PBXNativeTarget;
			buildConfigurationList = DDC2474719A1C60E0054B0C0 /* Build configuration list for PBXNativeTarget "Example (Objective-C)" */;
			buildPhases = (
				DDC2472619A1C60E0054B0C0 /* Sources */,
				DDC2472719A1C60E0054B0C0 /* Frameworks */,
				DDC2472819A1C60E0054B0C0 /* Resources */,
				DA737AF71E599ABF00AD2CDE /* Copy Frameworks */,
				DA4C581A20E195E300A61B00 /* Embed Frameworks */,
			);
			buildRules = (
			);
			dependencies = (
				DDC2474E19A1C6400054B0C0 /* PBXTargetDependency */,
			);
			name = "Example (Objective-C)";
			productName = "Geocoder Example";
			productReference = DDC2472A19A1C60E0054B0C0 /* Geocoder (Objective-C).app */;
			productType = "com.apple.product-type.application";
		};
		DDF1E8491BD6F7BA00C40C78 /* MapboxGeocoderTests */ = {
			isa = PBXNativeTarget;
			buildConfigurationList = DDF1E8521BD6F7BA00C40C78 /* Build configuration list for PBXNativeTarget "MapboxGeocoderTests" */;
			buildPhases = (
				DDF1E8461BD6F7BA00C40C78 /* Sources */,
				DDF1E8471BD6F7BA00C40C78 /* Frameworks */,
				DDF1E8481BD6F7BA00C40C78 /* Resources */,
			);
			buildRules = (
			);
			dependencies = (
				DDF1E8511BD6F7BA00C40C78 /* PBXTargetDependency */,
				DDF1E85F1BD8435800C40C78 /* PBXTargetDependency */,
			);
			name = MapboxGeocoderTests;
			productName = "Unit Tests";
			productReference = DDF1E84A1BD6F7BA00C40C78 /* MapboxGeocoderTests.xctest */;
			productType = "com.apple.product-type.bundle.unit-test";
		};
/* End PBXNativeTarget section */

/* Begin PBXProject section */
		DD342B4819A140EE00219F77 /* Project object */ = {
			isa = PBXProject;
			attributes = {
				LastSwiftMigration = 0700;
				LastSwiftUpdateCheck = 0730;
				LastUpgradeCheck = 1400;
				ORGANIZATIONNAME = Mapbox;
				TargetAttributes = {
					DA5170951CF1B18F00CD6DCF = {
						CreatedOnToolsVersion = 7.3.1;
						LastSwiftMigration = 1020;
					};
					DA51709E1CF1B18F00CD6DCF = {
						CreatedOnToolsVersion = 7.3.1;
						LastSwiftMigration = 1020;
					};
					DA5170C01CF253EE00CD6DCF = {
						CreatedOnToolsVersion = 7.3.1;
						LastSwiftMigration = 1020;
					};
					DA5170C91CF253EE00CD6DCF = {
						CreatedOnToolsVersion = 7.3.1;
						LastSwiftMigration = 1020;
					};
					DA5170EA1CF2581900CD6DCF = {
						CreatedOnToolsVersion = 7.3.1;
						LastSwiftMigration = 1020;
					};
					DD342B4F19A140EE00219F77 = {
						CreatedOnToolsVersion = 6.0;
						LastSwiftMigration = 1020;
					};
					DDC2470319A1C3B40054B0C0 = {
						CreatedOnToolsVersion = 6.0;
						LastSwiftMigration = 1020;
					};
					DDC2472919A1C60E0054B0C0 = {
						CreatedOnToolsVersion = 6.0;
						LastSwiftMigration = 0800;
					};
					DDF1E8491BD6F7BA00C40C78 = {
						CreatedOnToolsVersion = 7.0.1;
						LastSwiftMigration = 1020;
					};
				};
			};
			buildConfigurationList = DD342B4B19A140EE00219F77 /* Build configuration list for PBXProject "MapboxGeocoder" */;
			compatibilityVersion = "Xcode 3.2";
			developmentRegion = en;
			hasScannedForEncodings = 0;
			knownRegions = (
				en,
				Base,
			);
			mainGroup = DD342B4719A140EE00219F77;
			productRefGroup = DD342B5119A140EE00219F77 /* Products */;
			projectDirPath = "";
			projectRoot = "";
			targets = (
				DD342B4F19A140EE00219F77 /* Example (Swift) */,
				DDC2472919A1C60E0054B0C0 /* Example (Objective-C) */,
				DDC2470319A1C3B40054B0C0 /* MapboxGeocoder */,
				DDF1E8491BD6F7BA00C40C78 /* MapboxGeocoderTests */,
				DA5170951CF1B18F00CD6DCF /* MapboxGeocoderMac */,
				DA51709E1CF1B18F00CD6DCF /* MapboxGeocoderMacTests */,
				DA5170C01CF253EE00CD6DCF /* MapboxGeocoderTV */,
				DA5170C91CF253EE00CD6DCF /* MapboxGeocoderTVTests */,
				DA5170EA1CF2581900CD6DCF /* MapboxGeocoderWatch */,
			);
		};
/* End PBXProject section */

/* Begin PBXResourcesBuildPhase section */
		DA5170941CF1B18F00CD6DCF /* Resources */ = {
			isa = PBXResourcesBuildPhase;
			buildActionMask = 2147483647;
			files = (
			);
			runOnlyForDeploymentPostprocessing = 0;
		};
		DA51709D1CF1B18F00CD6DCF /* Resources */ = {
			isa = PBXResourcesBuildPhase;
			buildActionMask = 2147483647;
			files = (
				07CF85B020F6DF2F007B26B6 /* permanent_forward_multiple_no_results.json in Resources */,
				07CF85A820F6DF0F007B26B6 /* permanent_invalid.json in Resources */,
				07CF85C020F6DF86007B26B6 /* permanent_reverse_single_no_results.json in Resources */,
				DA5170B81CF1B1F900CD6DCF /* forward_valid.json in Resources */,
				07CF85B420F6DF3C007B26B6 /* permanent_forward_multiple_valid.json in Resources */,
				07CF85AC20F6DF1E007B26B6 /* permanent_forward_single_no_results.json in Resources */,
				357B4359202CC90A00735521 /* reverse_address.json in Resources */,
				07CF85C820F6DFEB007B26B6 /* permanent_reverse_single_valid.json in Resources */,
				07CF85A020F6DE61007B26B6 /* permanent_invalid_token.json in Resources */,
				DA5170B91CF1B1F900CD6DCF /* forward_invalid.json in Resources */,
				DA5170BB1CF1B1F900CD6DCF /* reverse_invalid.json in Resources */,
				DA5170BA1CF1B1F900CD6DCF /* reverse_valid.json in Resources */,
				07CF85BC20F6DF76007B26B6 /* permanent_reverse_multiple_valid.json in Resources */,
				07CF85A420F6DED8007B26B6 /* permanent_invalid_token_scope.json in Resources */,
				07CF85B820F6DF55007B26B6 /* permanent_forward_single_valid.json in Resources */,
				DA58D8A21DB2ADDD00530CBB /* forward_valid_zh.json in Resources */,
				07CF85C420F6DF93007B26B6 /* permanent_reverse_multiple_no_results.json in Resources */,
			);
			runOnlyForDeploymentPostprocessing = 0;
		};
		DA5170BF1CF253EE00CD6DCF /* Resources */ = {
			isa = PBXResourcesBuildPhase;
			buildActionMask = 2147483647;
			files = (
			);
			runOnlyForDeploymentPostprocessing = 0;
		};
		DA5170C81CF253EE00CD6DCF /* Resources */ = {
			isa = PBXResourcesBuildPhase;
			buildActionMask = 2147483647;
			files = (
				07CF85B120F6DF2F007B26B6 /* permanent_forward_multiple_no_results.json in Resources */,
				07CF85A920F6DF0F007B26B6 /* permanent_invalid.json in Resources */,
				07CF85C120F6DF86007B26B6 /* permanent_reverse_single_no_results.json in Resources */,
				DA5170E21CF2542B00CD6DCF /* forward_valid.json in Resources */,
				07CF85B520F6DF3C007B26B6 /* permanent_forward_multiple_valid.json in Resources */,
				07CF85AD20F6DF1E007B26B6 /* permanent_forward_single_no_results.json in Resources */,
				357B435A202CC90A00735521 /* reverse_address.json in Resources */,
				07CF85C920F6DFEB007B26B6 /* permanent_reverse_single_valid.json in Resources */,
				07CF85A120F6DE61007B26B6 /* permanent_invalid_token.json in Resources */,
				DA5170E31CF2542B00CD6DCF /* forward_invalid.json in Resources */,
				DA5170E51CF2542B00CD6DCF /* reverse_invalid.json in Resources */,
				DA5170E41CF2542B00CD6DCF /* reverse_valid.json in Resources */,
				07CF85BD20F6DF76007B26B6 /* permanent_reverse_multiple_valid.json in Resources */,
				07CF85A520F6DED8007B26B6 /* permanent_invalid_token_scope.json in Resources */,
				07CF85B920F6DF55007B26B6 /* permanent_forward_single_valid.json in Resources */,
				DA58D8A31DB2ADDD00530CBB /* forward_valid_zh.json in Resources */,
				07CF85C520F6DF93007B26B6 /* permanent_reverse_multiple_no_results.json in Resources */,
			);
			runOnlyForDeploymentPostprocessing = 0;
		};
		DA5170E91CF2581900CD6DCF /* Resources */ = {
			isa = PBXResourcesBuildPhase;
			buildActionMask = 2147483647;
			files = (
			);
			runOnlyForDeploymentPostprocessing = 0;
		};
		DD342B4E19A140EE00219F77 /* Resources */ = {
			isa = PBXResourcesBuildPhase;
			buildActionMask = 2147483647;
			files = (
				DAF158851D03D81600829B35 /* Launch Screen.storyboard in Resources */,
			);
			runOnlyForDeploymentPostprocessing = 0;
		};
		DDC2470219A1C3B40054B0C0 /* Resources */ = {
			isa = PBXResourcesBuildPhase;
			buildActionMask = 2147483647;
			files = (
			);
			runOnlyForDeploymentPostprocessing = 0;
		};
		DDC2472819A1C60E0054B0C0 /* Resources */ = {
			isa = PBXResourcesBuildPhase;
			buildActionMask = 2147483647;
			files = (
				DAF158861D03D81600829B35 /* Launch Screen.storyboard in Resources */,
			);
			runOnlyForDeploymentPostprocessing = 0;
		};
		DDF1E8481BD6F7BA00C40C78 /* Resources */ = {
			isa = PBXResourcesBuildPhase;
			buildActionMask = 2147483647;
			files = (
				07CF85AF20F6DF2F007B26B6 /* permanent_forward_multiple_no_results.json in Resources */,
				07CF85A720F6DF0F007B26B6 /* permanent_invalid.json in Resources */,
				07CF85BF20F6DF86007B26B6 /* permanent_reverse_single_no_results.json in Resources */,
				DA210BAD1CB4BFF7008088FD /* forward_valid.json in Resources */,
				07CF85B320F6DF3C007B26B6 /* permanent_forward_multiple_valid.json in Resources */,
				07CF85AB20F6DF1E007B26B6 /* permanent_forward_single_no_results.json in Resources */,
				357B4358202CC90A00735521 /* reverse_address.json in Resources */,
				07CF85C720F6DFEB007B26B6 /* permanent_reverse_single_valid.json in Resources */,
				07CF859F20F6DE61007B26B6 /* permanent_invalid_token.json in Resources */,
				DDF1E85C1BD70E4C00C40C78 /* reverse_invalid.json in Resources */,
				DDF1E85D1BD70E4C00C40C78 /* reverse_valid.json in Resources */,
				DA210BAF1CB4C5A7008088FD /* forward_invalid.json in Resources */,
				07CF85BB20F6DF76007B26B6 /* permanent_reverse_multiple_valid.json in Resources */,
				07CF85A320F6DED8007B26B6 /* permanent_invalid_token_scope.json in Resources */,
				07CF85B720F6DF55007B26B6 /* permanent_forward_single_valid.json in Resources */,
				DA58D8A11DB2ADDD00530CBB /* forward_valid_zh.json in Resources */,
				07CF85C320F6DF93007B26B6 /* permanent_reverse_multiple_no_results.json in Resources */,
			);
			runOnlyForDeploymentPostprocessing = 0;
		};
/* End PBXResourcesBuildPhase section */

/* Begin PBXShellScriptBuildPhase section */
		DA737AF11E599A2300AD2CDE /* Copy Frameworks */ = {
			isa = PBXShellScriptBuildPhase;
			alwaysOutOfDate = 1;
			buildActionMask = 2147483647;
			files = (
			);
			inputPaths = (
				"$(SRCROOT)/Carthage/Build/iOS/Mapbox.framework",
			);
			name = "Copy Frameworks";
			outputPaths = (
				"$(BUILT_PRODUCTS_DIR)/$(FRAMEWORKS_FOLDER_PATH)/Mapbox.framework",
			);
			runOnlyForDeploymentPostprocessing = 0;
			shellPath = /bin/sh;
			shellScript = "/usr/local/bin/carthage copy-frameworks\n";
		};
		DA737AF71E599ABF00AD2CDE /* Copy Frameworks */ = {
			isa = PBXShellScriptBuildPhase;
			alwaysOutOfDate = 1;
			buildActionMask = 2147483647;
			files = (
			);
			inputPaths = (
				"$(SRCROOT)/Carthage/Build/iOS/Mapbox.framework",
			);
			name = "Copy Frameworks";
			outputPaths = (
			);
			runOnlyForDeploymentPostprocessing = 0;
			shellPath = /bin/sh;
			shellScript = "/usr/local/bin/carthage copy-frameworks\n";
		};
/* End PBXShellScriptBuildPhase section */

/* Begin PBXSourcesBuildPhase section */
		DA5170911CF1B18F00CD6DCF /* Sources */ = {
			isa = PBXSourcesBuildPhase;
			buildActionMask = 2147483647;
			files = (
				DA4B4030255BCBA7001A4F30 /* MBPlacemarkPrecision.swift in Sources */,
				DA5170B31CF1B1E000CD6DCF /* MBRectangularRegion.swift in Sources */,
				DA5170B01CF1B1E000CD6DCF /* MBPlacemark.swift in Sources */,
				DA5170AF1CF1B1E000CD6DCF /* MBGeocoder.swift in Sources */,
				DA5170B21CF1B1E000CD6DCF /* MBPlacemarkScope.swift in Sources */,
				DA5170AE1CF1B1E000CD6DCF /* MBGeocodeOptions.swift in Sources */,
				DA8B5C0C225FB2F400CD1C99 /* MBPlacemarkPrecision.m in Sources */,
				35D3DE3A2112410A00B62912 /* CoreLocation.swift in Sources */,
			);
			runOnlyForDeploymentPostprocessing = 0;
		};
		DA51709B1CF1B18F00CD6DCF /* Sources */ = {
			isa = PBXSourcesBuildPhase;
			buildActionMask = 2147483647;
			files = (
				35506B8C200F856400629509 /* BridgingTests.m in Sources */,
				DA5170B61CF1B1EF00CD6DCF /* ReverseGeocodingTests.swift in Sources */,
				DA4D90081DD63AEC006EC71A /* PlacemarkScopeTests.swift in Sources */,
				DA5170B41CF1B1EF00CD6DCF /* GeocoderTests.swift in Sources */,
				079F41E920E42EEF007EEB5E /* BatchGeocodingTests.swift in Sources */,
				DA5170B51CF1B1EF00CD6DCF /* ForwardGeocodingTests.swift in Sources */,
			);
			runOnlyForDeploymentPostprocessing = 0;
		};
		DA5170BC1CF253EE00CD6DCF /* Sources */ = {
			isa = PBXSourcesBuildPhase;
			buildActionMask = 2147483647;
			files = (
				DA4B4031255BCBA7001A4F30 /* MBPlacemarkPrecision.swift in Sources */,
				DA5170DE1CF2541C00CD6DCF /* MBRectangularRegion.swift in Sources */,
				DA5170DB1CF2541C00CD6DCF /* MBPlacemark.swift in Sources */,
				DA5170DA1CF2541C00CD6DCF /* MBGeocoder.swift in Sources */,
				DA5170DD1CF2541C00CD6DCF /* MBPlacemarkScope.swift in Sources */,
				DA5170D91CF2541C00CD6DCF /* MBGeocodeOptions.swift in Sources */,
				DA8B5C0D225FB2F400CD1C99 /* MBPlacemarkPrecision.m in Sources */,
				35D3DE3B2112410A00B62912 /* CoreLocation.swift in Sources */,
			);
			runOnlyForDeploymentPostprocessing = 0;
		};
		DA5170C61CF253EE00CD6DCF /* Sources */ = {
			isa = PBXSourcesBuildPhase;
			buildActionMask = 2147483647;
			files = (
				35506B8D200F856400629509 /* BridgingTests.m in Sources */,
				DA5170E11CF2542800CD6DCF /* ReverseGeocodingTests.swift in Sources */,
				DA4D90091DD63AEC006EC71A /* PlacemarkScopeTests.swift in Sources */,
				DA5170DF1CF2542800CD6DCF /* GeocoderTests.swift in Sources */,
				079F41EA20E42EEF007EEB5E /* BatchGeocodingTests.swift in Sources */,
				DA5170E01CF2542800CD6DCF /* ForwardGeocodingTests.swift in Sources */,
			);
			runOnlyForDeploymentPostprocessing = 0;
		};
		DA5170E61CF2581900CD6DCF /* Sources */ = {
			isa = PBXSourcesBuildPhase;
			buildActionMask = 2147483647;
			files = (
				DA4B4032255BCBA7001A4F30 /* MBPlacemarkPrecision.swift in Sources */,
				DA5170F91CF2582F00CD6DCF /* MBRectangularRegion.swift in Sources */,
				DA5170F61CF2582F00CD6DCF /* MBPlacemark.swift in Sources */,
				DA5170F51CF2582F00CD6DCF /* MBGeocoder.swift in Sources */,
				DA5170F81CF2582F00CD6DCF /* MBPlacemarkScope.swift in Sources */,
				DA5170F41CF2582F00CD6DCF /* MBGeocodeOptions.swift in Sources */,
				DA8B5C0E225FB2F400CD1C99 /* MBPlacemarkPrecision.m in Sources */,
				35D3DE3C2112410A00B62912 /* CoreLocation.swift in Sources */,
			);
			runOnlyForDeploymentPostprocessing = 0;
		};
		DD342B4C19A140EE00219F77 /* Sources */ = {
			isa = PBXSourcesBuildPhase;
			buildActionMask = 2147483647;
			files = (
				DD342B5619A140EE00219F77 /* AppDelegate.swift in Sources */,
				DD342B5819A140EE00219F77 /* ViewController.swift in Sources */,
			);
			runOnlyForDeploymentPostprocessing = 0;
		};
		DDC246FF19A1C3B40054B0C0 /* Sources */ = {
			isa = PBXSourcesBuildPhase;
			buildActionMask = 2147483647;
			files = (
				DA4B402F255BCBA7001A4F30 /* MBPlacemarkPrecision.swift in Sources */,
				DA2EC05E1CED732F00D4BA5D /* MBGeocodeOptions.swift in Sources */,
				DA2E03F21CB0FE0200D1269A /* MBRectangularRegion.swift in Sources */,
				DDC2295E1A360843006BE405 /* MBGeocoder.swift in Sources */,
				DA2EC05C1CED72E900D4BA5D /* MBPlacemarkScope.swift in Sources */,
				DA2E03F01CB0FDB400D1269A /* MBPlacemark.swift in Sources */,
				DA8B5C0B225FB2F400CD1C99 /* MBPlacemarkPrecision.m in Sources */,
				35D3DE392112410A00B62912 /* CoreLocation.swift in Sources */,
			);
			runOnlyForDeploymentPostprocessing = 0;
		};
		DDC2472619A1C60E0054B0C0 /* Sources */ = {
			isa = PBXSourcesBuildPhase;
			buildActionMask = 2147483647;
			files = (
				DDC2472F19A1C60E0054B0C0 /* main.m in Sources */,
				DDC2473219A1C60E0054B0C0 /* AppDelegate.m in Sources */,
				DDC2473519A1C60E0054B0C0 /* ViewController.m in Sources */,
			);
			runOnlyForDeploymentPostprocessing = 0;
		};
		DDF1E8461BD6F7BA00C40C78 /* Sources */ = {
			isa = PBXSourcesBuildPhase;
			buildActionMask = 2147483647;
			files = (
				35506B8B200F856400629509 /* BridgingTests.m in Sources */,
				DDF1E84D1BD6F7BA00C40C78 /* ReverseGeocodingTests.swift in Sources */,
				DA4D90071DD63AEC006EC71A /* PlacemarkScopeTests.swift in Sources */,
				DA210BAB1CB4BE73008088FD /* ForwardGeocodingTests.swift in Sources */,
				079F41E820E42EEF007EEB5E /* BatchGeocodingTests.swift in Sources */,
				DA701C011CB1292C00B0E520 /* GeocoderTests.swift in Sources */,
			);
			runOnlyForDeploymentPostprocessing = 0;
		};
/* End PBXSourcesBuildPhase section */

/* Begin PBXTargetDependency section */
		DA5170A21CF1B18F00CD6DCF /* PBXTargetDependency */ = {
			isa = PBXTargetDependency;
			target = DA5170951CF1B18F00CD6DCF /* MapboxGeocoderMac */;
			targetProxy = DA5170A11CF1B18F00CD6DCF /* PBXContainerItemProxy */;
		};
		DA5170CD1CF253EE00CD6DCF /* PBXTargetDependency */ = {
			isa = PBXTargetDependency;
			target = DA5170C01CF253EE00CD6DCF /* MapboxGeocoderTV */;
			targetProxy = DA5170CC1CF253EE00CD6DCF /* PBXContainerItemProxy */;
		};
		DD1772B61A360BAF00C40FDC /* PBXTargetDependency */ = {
			isa = PBXTargetDependency;
			target = DDC2470319A1C3B40054B0C0 /* MapboxGeocoder */;
			targetProxy = DD1772B51A360BAF00C40FDC /* PBXContainerItemProxy */;
		};
		DDC2474E19A1C6400054B0C0 /* PBXTargetDependency */ = {
			isa = PBXTargetDependency;
			target = DDC2470319A1C3B40054B0C0 /* MapboxGeocoder */;
			targetProxy = DDC2474D19A1C6400054B0C0 /* PBXContainerItemProxy */;
		};
		DDF1E8511BD6F7BA00C40C78 /* PBXTargetDependency */ = {
			isa = PBXTargetDependency;
			target = DDC2470319A1C3B40054B0C0 /* MapboxGeocoder */;
			targetProxy = DDF1E8501BD6F7BA00C40C78 /* PBXContainerItemProxy */;
		};
		DDF1E85F1BD8435800C40C78 /* PBXTargetDependency */ = {
			isa = PBXTargetDependency;
			target = DD342B4F19A140EE00219F77 /* Example (Swift) */;
			targetProxy = DDF1E85E1BD8435800C40C78 /* PBXContainerItemProxy */;
		};
/* End PBXTargetDependency section */

/* Begin XCBuildConfiguration section */
		DA5170A71CF1B18F00CD6DCF /* Debug */ = {
			isa = XCBuildConfiguration;
			buildSettings = {
				CLANG_ANALYZER_NONNULL = YES;
				CODE_SIGN_IDENTITY = "";
				COMBINE_HIDPI_IMAGES = YES;
				CURRENT_PROJECT_VERSION = 20;
				DEAD_CODE_STRIPPING = YES;
				DEBUG_INFORMATION_FORMAT = dwarf;
				DEFINES_MODULE = YES;
				DYLIB_COMPATIBILITY_VERSION = 1;
				DYLIB_CURRENT_VERSION = 20;
				DYLIB_INSTALL_NAME_BASE = "@rpath";
				FRAMEWORK_VERSION = A;
				GCC_NO_COMMON_BLOCKS = YES;
				INFOPLIST_FILE = Sources/MapboxGeocoder/Info.plist;
				INSTALL_PATH = "$(LOCAL_LIBRARY_DIR)/Frameworks";
				LD_RUNPATH_SEARCH_PATHS = (
					"$(inherited)",
					"@executable_path/../Frameworks",
					"@loader_path/Frameworks",
				);
				PRODUCT_BUNDLE_IDENTIFIER = com.mapbox.MapboxGeocoder;
				PRODUCT_NAME = MapboxGeocoder;
				SDKROOT = macosx;
				SKIP_INSTALL = YES;
				VERSIONING_SYSTEM = "apple-generic";
				VERSION_INFO_PREFIX = "";
			};
			name = Debug;
		};
		DA5170A81CF1B18F00CD6DCF /* Release */ = {
			isa = XCBuildConfiguration;
			buildSettings = {
				CLANG_ANALYZER_NONNULL = YES;
				CODE_SIGN_IDENTITY = "";
				COMBINE_HIDPI_IMAGES = YES;
				COPY_PHASE_STRIP = NO;
				CURRENT_PROJECT_VERSION = 20;
				DEAD_CODE_STRIPPING = YES;
				DEBUG_INFORMATION_FORMAT = "dwarf-with-dsym";
				DEFINES_MODULE = YES;
				DYLIB_COMPATIBILITY_VERSION = 1;
				DYLIB_CURRENT_VERSION = 20;
				DYLIB_INSTALL_NAME_BASE = "@rpath";
				FRAMEWORK_VERSION = A;
				GCC_NO_COMMON_BLOCKS = YES;
				INFOPLIST_FILE = Sources/MapboxGeocoder/Info.plist;
				INSTALL_PATH = "$(LOCAL_LIBRARY_DIR)/Frameworks";
				LD_RUNPATH_SEARCH_PATHS = (
					"$(inherited)",
					"@executable_path/../Frameworks",
					"@loader_path/Frameworks",
				);
				PRODUCT_BUNDLE_IDENTIFIER = com.mapbox.MapboxGeocoder;
				PRODUCT_NAME = MapboxGeocoder;
				SDKROOT = macosx;
				SKIP_INSTALL = YES;
				SWIFT_COMPILATION_MODE = wholemodule;
				SWIFT_OPTIMIZATION_LEVEL = "-O";
				VERSIONING_SYSTEM = "apple-generic";
				VERSION_INFO_PREFIX = "";
			};
			name = Release;
		};
		DA5170A91CF1B18F00CD6DCF /* Debug */ = {
			isa = XCBuildConfiguration;
			buildSettings = {
				CLANG_ANALYZER_NONNULL = YES;
				CLANG_ENABLE_MODULES = YES;
				CODE_SIGN_IDENTITY = "-";
				COMBINE_HIDPI_IMAGES = YES;
				DEAD_CODE_STRIPPING = YES;
				DEBUG_INFORMATION_FORMAT = dwarf;
				GCC_NO_COMMON_BLOCKS = YES;
				INFOPLIST_FILE = Tests/MapboxGeocoderTests/Info.plist;
				LD_RUNPATH_SEARCH_PATHS = (
					"$(inherited)",
					"@executable_path/../Frameworks",
					"@loader_path/../Frameworks",
					"$(PROJECT_DIR)/Carthage/Build/Mac",
				);
				PRODUCT_BUNDLE_IDENTIFIER = com.mapbox.MapboxGeocoderTests;
				PRODUCT_NAME = MapboxGeocoderTests;
				SDKROOT = macosx;
				SWIFT_OPTIMIZATION_LEVEL = "-Onone";
			};
			name = Debug;
		};
		DA5170AA1CF1B18F00CD6DCF /* Release */ = {
			isa = XCBuildConfiguration;
			buildSettings = {
				CLANG_ANALYZER_NONNULL = YES;
				CLANG_ENABLE_MODULES = YES;
				CODE_SIGN_IDENTITY = "-";
				COMBINE_HIDPI_IMAGES = YES;
				COPY_PHASE_STRIP = NO;
				DEAD_CODE_STRIPPING = YES;
				DEBUG_INFORMATION_FORMAT = "dwarf-with-dsym";
				GCC_NO_COMMON_BLOCKS = YES;
				INFOPLIST_FILE = Tests/MapboxGeocoderTests/Info.plist;
				LD_RUNPATH_SEARCH_PATHS = (
					"$(inherited)",
					"@executable_path/../Frameworks",
					"@loader_path/../Frameworks",
					"$(PROJECT_DIR)/Carthage/Build/Mac",
				);
				PRODUCT_BUNDLE_IDENTIFIER = com.mapbox.MapboxGeocoderTests;
				PRODUCT_NAME = MapboxGeocoderTests;
				SDKROOT = macosx;
				SWIFT_COMPILATION_MODE = wholemodule;
				SWIFT_OPTIMIZATION_LEVEL = "-O";
			};
			name = Release;
		};
		DA5170D21CF253EE00CD6DCF /* Debug */ = {
			isa = XCBuildConfiguration;
			buildSettings = {
				CLANG_ANALYZER_NONNULL = YES;
				"CODE_SIGN_IDENTITY[sdk=appletvos*]" = "";
				CURRENT_PROJECT_VERSION = 20;
				DEBUG_INFORMATION_FORMAT = dwarf;
				DEFINES_MODULE = YES;
				DYLIB_COMPATIBILITY_VERSION = 1;
				DYLIB_CURRENT_VERSION = 20;
				DYLIB_INSTALL_NAME_BASE = "@rpath";
				GCC_NO_COMMON_BLOCKS = YES;
				INFOPLIST_FILE = Sources/MapboxGeocoder/Info.plist;
				INSTALL_PATH = "$(LOCAL_LIBRARY_DIR)/Frameworks";
				LD_RUNPATH_SEARCH_PATHS = (
					"$(inherited)",
					"@executable_path/Frameworks",
					"@loader_path/Frameworks",
				);
				PRODUCT_BUNDLE_IDENTIFIER = com.mapbox.MapboxGeocoder;
				PRODUCT_NAME = MapboxGeocoder;
				SDKROOT = appletvos;
				SKIP_INSTALL = YES;
				TARGETED_DEVICE_FAMILY = 3;
				VERSIONING_SYSTEM = "apple-generic";
				VERSION_INFO_PREFIX = "";
			};
			name = Debug;
		};
		DA5170D31CF253EE00CD6DCF /* Release */ = {
			isa = XCBuildConfiguration;
			buildSettings = {
				CLANG_ANALYZER_NONNULL = YES;
				"CODE_SIGN_IDENTITY[sdk=appletvos*]" = "";
				COPY_PHASE_STRIP = NO;
				CURRENT_PROJECT_VERSION = 20;
				DEBUG_INFORMATION_FORMAT = "dwarf-with-dsym";
				DEFINES_MODULE = YES;
				DYLIB_COMPATIBILITY_VERSION = 1;
				DYLIB_CURRENT_VERSION = 20;
				DYLIB_INSTALL_NAME_BASE = "@rpath";
				GCC_NO_COMMON_BLOCKS = YES;
				INFOPLIST_FILE = Sources/MapboxGeocoder/Info.plist;
				INSTALL_PATH = "$(LOCAL_LIBRARY_DIR)/Frameworks";
				LD_RUNPATH_SEARCH_PATHS = (
					"$(inherited)",
					"@executable_path/Frameworks",
					"@loader_path/Frameworks",
				);
				PRODUCT_BUNDLE_IDENTIFIER = com.mapbox.MapboxGeocoder;
				PRODUCT_NAME = MapboxGeocoder;
				SDKROOT = appletvos;
				SKIP_INSTALL = YES;
				SWIFT_COMPILATION_MODE = wholemodule;
				SWIFT_OPTIMIZATION_LEVEL = "-O";
				TARGETED_DEVICE_FAMILY = 3;
				VERSIONING_SYSTEM = "apple-generic";
				VERSION_INFO_PREFIX = "";
			};
			name = Release;
		};
		DA5170D41CF253EE00CD6DCF /* Debug */ = {
			isa = XCBuildConfiguration;
			buildSettings = {
				CLANG_ANALYZER_NONNULL = YES;
				CLANG_ENABLE_MODULES = YES;
				DEBUG_INFORMATION_FORMAT = dwarf;
				GCC_NO_COMMON_BLOCKS = YES;
				INFOPLIST_FILE = Tests/MapboxGeocoderTests/Info.plist;
				LD_RUNPATH_SEARCH_PATHS = (
					"$(inherited)",
					"@executable_path/Frameworks",
					"@loader_path/Frameworks",
				);
				PRODUCT_BUNDLE_IDENTIFIER = com.mapbox.MapboxGeocoderTests;
				PRODUCT_NAME = MapboxGeocoderTests;
				SDKROOT = appletvos;
				SWIFT_OPTIMIZATION_LEVEL = "-Onone";
				TARGETED_DEVICE_FAMILY = "1,2,3";
			};
			name = Debug;
		};
		DA5170D51CF253EE00CD6DCF /* Release */ = {
			isa = XCBuildConfiguration;
			buildSettings = {
				CLANG_ANALYZER_NONNULL = YES;
				CLANG_ENABLE_MODULES = YES;
				COPY_PHASE_STRIP = NO;
				DEBUG_INFORMATION_FORMAT = "dwarf-with-dsym";
				GCC_NO_COMMON_BLOCKS = YES;
				INFOPLIST_FILE = Tests/MapboxGeocoderTests/Info.plist;
				LD_RUNPATH_SEARCH_PATHS = (
					"$(inherited)",
					"@executable_path/Frameworks",
					"@loader_path/Frameworks",
				);
				PRODUCT_BUNDLE_IDENTIFIER = com.mapbox.MapboxGeocoderTests;
				PRODUCT_NAME = MapboxGeocoderTests;
				SDKROOT = appletvos;
				SWIFT_COMPILATION_MODE = wholemodule;
				SWIFT_OPTIMIZATION_LEVEL = "-O";
				TARGETED_DEVICE_FAMILY = "1,2,3";
			};
			name = Release;
		};
		DA5170F01CF2581900CD6DCF /* Debug */ = {
			isa = XCBuildConfiguration;
			buildSettings = {
				APPLICATION_EXTENSION_API_ONLY = YES;
				CLANG_ANALYZER_NONNULL = YES;
				"CODE_SIGN_IDENTITY[sdk=watchos*]" = "";
				CURRENT_PROJECT_VERSION = 20;
				DEBUG_INFORMATION_FORMAT = dwarf;
				DEFINES_MODULE = YES;
				DYLIB_COMPATIBILITY_VERSION = 1;
				DYLIB_CURRENT_VERSION = 20;
				DYLIB_INSTALL_NAME_BASE = "@rpath";
				GCC_NO_COMMON_BLOCKS = YES;
				INFOPLIST_FILE = Sources/MapboxGeocoder/Info.plist;
				INSTALL_PATH = "$(LOCAL_LIBRARY_DIR)/Frameworks";
				LD_RUNPATH_SEARCH_PATHS = (
					"$(inherited)",
					"@executable_path/Frameworks",
					"@loader_path/Frameworks",
				);
				PRODUCT_BUNDLE_IDENTIFIER = com.mapbox.MapboxGeocoder;
				PRODUCT_NAME = MapboxGeocoder;
				SDKROOT = watchos;
				SKIP_INSTALL = YES;
				TARGETED_DEVICE_FAMILY = 4;
				VERSIONING_SYSTEM = "apple-generic";
				VERSION_INFO_PREFIX = "";
			};
			name = Debug;
		};
		DA5170F11CF2581900CD6DCF /* Release */ = {
			isa = XCBuildConfiguration;
			buildSettings = {
				APPLICATION_EXTENSION_API_ONLY = YES;
				CLANG_ANALYZER_NONNULL = YES;
				"CODE_SIGN_IDENTITY[sdk=watchos*]" = "";
				COPY_PHASE_STRIP = NO;
				CURRENT_PROJECT_VERSION = 20;
				DEBUG_INFORMATION_FORMAT = "dwarf-with-dsym";
				DEFINES_MODULE = YES;
				DYLIB_COMPATIBILITY_VERSION = 1;
				DYLIB_CURRENT_VERSION = 20;
				DYLIB_INSTALL_NAME_BASE = "@rpath";
				GCC_NO_COMMON_BLOCKS = YES;
				INFOPLIST_FILE = Sources/MapboxGeocoder/Info.plist;
				INSTALL_PATH = "$(LOCAL_LIBRARY_DIR)/Frameworks";
				LD_RUNPATH_SEARCH_PATHS = (
					"$(inherited)",
					"@executable_path/Frameworks",
					"@loader_path/Frameworks",
				);
				PRODUCT_BUNDLE_IDENTIFIER = com.mapbox.MapboxGeocoder;
				PRODUCT_NAME = MapboxGeocoder;
				SDKROOT = watchos;
				SKIP_INSTALL = YES;
				SWIFT_COMPILATION_MODE = wholemodule;
				SWIFT_OPTIMIZATION_LEVEL = "-O";
				TARGETED_DEVICE_FAMILY = 4;
				VERSIONING_SYSTEM = "apple-generic";
				VERSION_INFO_PREFIX = "";
			};
			name = Release;
		};
		DD342B6A19A140EE00219F77 /* Debug */ = {
			isa = XCBuildConfiguration;
			buildSettings = {
				ALWAYS_SEARCH_USER_PATHS = NO;
				BITCODE_GENERATION_MODE = bitcode;
				CLANG_ANALYZER_LOCALIZABILITY_NONLOCALIZED = YES;
				CLANG_CXX_LANGUAGE_STANDARD = "gnu++0x";
				CLANG_CXX_LIBRARY = "libc++";
				CLANG_ENABLE_MODULES = YES;
				CLANG_ENABLE_OBJC_ARC = YES;
				CLANG_WARN_BLOCK_CAPTURE_AUTORELEASING = YES;
				CLANG_WARN_BOOL_CONVERSION = YES;
				CLANG_WARN_COMMA = YES;
				CLANG_WARN_CONSTANT_CONVERSION = YES;
				CLANG_WARN_DEPRECATED_OBJC_IMPLEMENTATIONS = YES;
				CLANG_WARN_DIRECT_OBJC_ISA_USAGE = YES_ERROR;
				CLANG_WARN_EMPTY_BODY = YES;
				CLANG_WARN_ENUM_CONVERSION = YES;
				CLANG_WARN_INFINITE_RECURSION = YES;
				CLANG_WARN_INT_CONVERSION = YES;
				CLANG_WARN_NON_LITERAL_NULL_CONVERSION = YES;
				CLANG_WARN_OBJC_IMPLICIT_RETAIN_SELF = YES;
				CLANG_WARN_OBJC_LITERAL_CONVERSION = YES;
				CLANG_WARN_OBJC_ROOT_CLASS = YES_ERROR;
				CLANG_WARN_QUOTED_INCLUDE_IN_FRAMEWORK_HEADER = YES;
				CLANG_WARN_RANGE_LOOP_ANALYSIS = YES;
				CLANG_WARN_STRICT_PROTOTYPES = YES;
				CLANG_WARN_SUSPICIOUS_MOVE = YES;
				CLANG_WARN_UNREACHABLE_CODE = YES;
				CLANG_WARN__DUPLICATE_METHOD_MATCH = YES;
				"CODE_SIGN_IDENTITY[sdk=iphoneos*]" = "iPhone Developer";
				COPY_PHASE_STRIP = NO;
				ENABLE_STRICT_OBJC_MSGSEND = YES;
				ENABLE_TESTABILITY = YES;
				GCC_C_LANGUAGE_STANDARD = gnu99;
				GCC_DYNAMIC_NO_PIC = NO;
				GCC_NO_COMMON_BLOCKS = YES;
				GCC_OPTIMIZATION_LEVEL = 0;
				GCC_PREPROCESSOR_DEFINITIONS = (
					"DEBUG=1",
					"$(inherited)",
				);
				GCC_SYMBOLS_PRIVATE_EXTERN = NO;
				GCC_WARN_64_TO_32_BIT_CONVERSION = YES;
				GCC_WARN_ABOUT_RETURN_TYPE = YES_ERROR;
				GCC_WARN_UNDECLARED_SELECTOR = YES;
				GCC_WARN_UNINITIALIZED_AUTOS = YES_AGGRESSIVE;
				GCC_WARN_UNUSED_FUNCTION = YES;
				GCC_WARN_UNUSED_VARIABLE = YES;
				IPHONEOS_DEPLOYMENT_TARGET = 12.0;
				MACOSX_DEPLOYMENT_TARGET = 10.14;
				MTL_ENABLE_DEBUG_INFO = YES;
				ONLY_ACTIVE_ARCH = YES;
				SDKROOT = iphoneos;
				SWIFT_OPTIMIZATION_LEVEL = "-Onone";
				SWIFT_SWIFT3_OBJC_INFERENCE = Off;
				SWIFT_VERSION = 5.0;
				TARGETED_DEVICE_FAMILY = "1,2";
				TVOS_DEPLOYMENT_TARGET = 12.0;
				WATCHOS_DEPLOYMENT_TARGET = 5.0;
			};
			name = Debug;
		};
		DD342B6B19A140EE00219F77 /* Release */ = {
			isa = XCBuildConfiguration;
			buildSettings = {
				ALWAYS_SEARCH_USER_PATHS = NO;
				BITCODE_GENERATION_MODE = bitcode;
				CLANG_ANALYZER_LOCALIZABILITY_NONLOCALIZED = YES;
				CLANG_CXX_LANGUAGE_STANDARD = "gnu++0x";
				CLANG_CXX_LIBRARY = "libc++";
				CLANG_ENABLE_MODULES = YES;
				CLANG_ENABLE_OBJC_ARC = YES;
				CLANG_WARN_BLOCK_CAPTURE_AUTORELEASING = YES;
				CLANG_WARN_BOOL_CONVERSION = YES;
				CLANG_WARN_COMMA = YES;
				CLANG_WARN_CONSTANT_CONVERSION = YES;
				CLANG_WARN_DEPRECATED_OBJC_IMPLEMENTATIONS = YES;
				CLANG_WARN_DIRECT_OBJC_ISA_USAGE = YES_ERROR;
				CLANG_WARN_EMPTY_BODY = YES;
				CLANG_WARN_ENUM_CONVERSION = YES;
				CLANG_WARN_INFINITE_RECURSION = YES;
				CLANG_WARN_INT_CONVERSION = YES;
				CLANG_WARN_NON_LITERAL_NULL_CONVERSION = YES;
				CLANG_WARN_OBJC_IMPLICIT_RETAIN_SELF = YES;
				CLANG_WARN_OBJC_LITERAL_CONVERSION = YES;
				CLANG_WARN_OBJC_ROOT_CLASS = YES_ERROR;
				CLANG_WARN_QUOTED_INCLUDE_IN_FRAMEWORK_HEADER = YES;
				CLANG_WARN_RANGE_LOOP_ANALYSIS = YES;
				CLANG_WARN_STRICT_PROTOTYPES = YES;
				CLANG_WARN_SUSPICIOUS_MOVE = YES;
				CLANG_WARN_UNREACHABLE_CODE = YES;
				CLANG_WARN__DUPLICATE_METHOD_MATCH = YES;
				"CODE_SIGN_IDENTITY[sdk=iphoneos*]" = "iPhone Developer";
				COPY_PHASE_STRIP = YES;
				ENABLE_NS_ASSERTIONS = NO;
				ENABLE_STRICT_OBJC_MSGSEND = YES;
				GCC_C_LANGUAGE_STANDARD = gnu99;
				GCC_NO_COMMON_BLOCKS = YES;
				GCC_WARN_64_TO_32_BIT_CONVERSION = YES;
				GCC_WARN_ABOUT_RETURN_TYPE = YES_ERROR;
				GCC_WARN_UNDECLARED_SELECTOR = YES;
				GCC_WARN_UNINITIALIZED_AUTOS = YES_AGGRESSIVE;
				GCC_WARN_UNUSED_FUNCTION = YES;
				GCC_WARN_UNUSED_VARIABLE = YES;
				IPHONEOS_DEPLOYMENT_TARGET = 12.0;
				MACOSX_DEPLOYMENT_TARGET = 10.14;
				MTL_ENABLE_DEBUG_INFO = NO;
				SDKROOT = iphoneos;
				SWIFT_COMPILATION_MODE = wholemodule;
				SWIFT_OPTIMIZATION_LEVEL = "-O";
				SWIFT_SWIFT3_OBJC_INFERENCE = Off;
				SWIFT_VERSION = 5.0;
				TARGETED_DEVICE_FAMILY = "1,2";
				TVOS_DEPLOYMENT_TARGET = 12.0;
				VALIDATE_PRODUCT = YES;
				WATCHOS_DEPLOYMENT_TARGET = 5.0;
			};
			name = Release;
		};
		DD342B6D19A140EE00219F77 /* Debug */ = {
			isa = XCBuildConfiguration;
			buildSettings = {
				ALWAYS_EMBED_SWIFT_STANDARD_LIBRARIES = YES;
				ASSETCATALOG_COMPILER_APPICON_NAME = AppIcon;
				ASSETCATALOG_COMPILER_LAUNCHIMAGE_NAME = LaunchImage;
				FRAMEWORK_SEARCH_PATHS = (
					"$(inherited)",
					"$(PROJECT_DIR)/Carthage/Build/iOS",
				);
				INFOPLIST_FILE = "Geocoder Example/Info.plist";
				LD_RUNPATH_SEARCH_PATHS = (
					"$(inherited)",
					"@executable_path/Frameworks",
				);
				PRODUCT_BUNDLE_IDENTIFIER = com.mapbox.Geocoder.Swift;
				PRODUCT_NAME = "Geocoder (Swift)";
			};
			name = Debug;
		};
		DD342B6E19A140EE00219F77 /* Release */ = {
			isa = XCBuildConfiguration;
			buildSettings = {
				ALWAYS_EMBED_SWIFT_STANDARD_LIBRARIES = YES;
				ASSETCATALOG_COMPILER_APPICON_NAME = AppIcon;
				ASSETCATALOG_COMPILER_LAUNCHIMAGE_NAME = LaunchImage;
				FRAMEWORK_SEARCH_PATHS = (
					"$(inherited)",
					"$(PROJECT_DIR)/Carthage/Build/iOS",
				);
				INFOPLIST_FILE = "Geocoder Example/Info.plist";
				LD_RUNPATH_SEARCH_PATHS = (
					"$(inherited)",
					"@executable_path/Frameworks",
				);
				PRODUCT_BUNDLE_IDENTIFIER = com.mapbox.Geocoder.Swift;
				PRODUCT_NAME = "Geocoder (Swift)";
				SWIFT_COMPILATION_MODE = wholemodule;
				SWIFT_OPTIMIZATION_LEVEL = "-O";
			};
			name = Release;
		};
		DDC2471E19A1C3B40054B0C0 /* Debug */ = {
			isa = XCBuildConfiguration;
			buildSettings = {
				CLANG_ENABLE_MODULES = YES;
				"CODE_SIGN_IDENTITY[sdk=iphoneos*]" = "";
				CURRENT_PROJECT_VERSION = 20;
				DEFINES_MODULE = YES;
				DYLIB_COMPATIBILITY_VERSION = 1;
				DYLIB_CURRENT_VERSION = 20;
				DYLIB_INSTALL_NAME_BASE = "@rpath";
				GCC_PREPROCESSOR_DEFINITIONS = (
					"DEBUG=1",
					"$(inherited)",
				);
				INFOPLIST_FILE = Sources/MapboxGeocoder/Info.plist;
				INSTALL_PATH = "$(LOCAL_LIBRARY_DIR)/Frameworks";
				LD_RUNPATH_SEARCH_PATHS = (
					"$(inherited)",
					"@executable_path/Frameworks",
					"@loader_path/Frameworks",
				);
				PRODUCT_BUNDLE_IDENTIFIER = "com.mapbox.$(PRODUCT_NAME:rfc1034identifier)";
				PRODUCT_NAME = "$(TARGET_NAME)";
				SKIP_INSTALL = YES;
				SWIFT_OPTIMIZATION_LEVEL = "-Onone";
				TARGETED_DEVICE_FAMILY = "1,2,3";
				VERSIONING_SYSTEM = "apple-generic";
				VERSION_INFO_PREFIX = "";
			};
			name = Debug;
		};
		DDC2471F19A1C3B40054B0C0 /* Release */ = {
			isa = XCBuildConfiguration;
			buildSettings = {
				CLANG_ENABLE_MODULES = YES;
				"CODE_SIGN_IDENTITY[sdk=iphoneos*]" = "";
				CURRENT_PROJECT_VERSION = 20;
				DEFINES_MODULE = YES;
				DYLIB_COMPATIBILITY_VERSION = 1;
				DYLIB_CURRENT_VERSION = 20;
				DYLIB_INSTALL_NAME_BASE = "@rpath";
				INFOPLIST_FILE = Sources/MapboxGeocoder/Info.plist;
				INSTALL_PATH = "$(LOCAL_LIBRARY_DIR)/Frameworks";
				LD_RUNPATH_SEARCH_PATHS = (
					"$(inherited)",
					"@executable_path/Frameworks",
					"@loader_path/Frameworks",
				);
				PRODUCT_BUNDLE_IDENTIFIER = "com.mapbox.$(PRODUCT_NAME:rfc1034identifier)";
				PRODUCT_NAME = "$(TARGET_NAME)";
				SKIP_INSTALL = YES;
				SWIFT_COMPILATION_MODE = wholemodule;
				SWIFT_OPTIMIZATION_LEVEL = "-O";
				TARGETED_DEVICE_FAMILY = "1,2,3";
				VERSIONING_SYSTEM = "apple-generic";
				VERSION_INFO_PREFIX = "";
			};
			name = Release;
		};
		DDC2474819A1C60E0054B0C0 /* Debug */ = {
			isa = XCBuildConfiguration;
			buildSettings = {
				ALWAYS_EMBED_SWIFT_STANDARD_LIBRARIES = YES;
				FRAMEWORK_SEARCH_PATHS = (
					"$(inherited)",
					"$(PROJECT_DIR)/Carthage/Build/iOS",
				);
				GCC_PREPROCESSOR_DEFINITIONS = (
					"DEBUG=1",
					"$(inherited)",
				);
				INFOPLIST_FILE = "Geocoder Example/Info.plist";
				LD_RUNPATH_SEARCH_PATHS = (
					"$(inherited)",
					"@executable_path/Frameworks",
				);
				PRODUCT_BUNDLE_IDENTIFIER = com.mapbox.Geocoder.ObjectiveC;
				PRODUCT_NAME = "Geocoder (Objective-C)";
			};
			name = Debug;
		};
		DDC2474919A1C60E0054B0C0 /* Release */ = {
			isa = XCBuildConfiguration;
			buildSettings = {
				ALWAYS_EMBED_SWIFT_STANDARD_LIBRARIES = YES;
				FRAMEWORK_SEARCH_PATHS = (
					"$(inherited)",
					"$(PROJECT_DIR)/Carthage/Build/iOS",
				);
				INFOPLIST_FILE = "Geocoder Example/Info.plist";
				LD_RUNPATH_SEARCH_PATHS = (
					"$(inherited)",
					"@executable_path/Frameworks",
				);
				PRODUCT_BUNDLE_IDENTIFIER = com.mapbox.Geocoder.ObjectiveC;
				PRODUCT_NAME = "Geocoder (Objective-C)";
			};
			name = Release;
		};
		DDF1E8531BD6F7BA00C40C78 /* Debug */ = {
			isa = XCBuildConfiguration;
			buildSettings = {
				CLANG_ENABLE_MODULES = YES;
				DEBUG_INFORMATION_FORMAT = dwarf;
				GCC_NO_COMMON_BLOCKS = YES;
				INFOPLIST_FILE = Tests/MapboxGeocoderTests/Info.plist;
				LD_RUNPATH_SEARCH_PATHS = (
					"$(inherited)",
					"@executable_path/Frameworks",
					"@loader_path/Frameworks",
				);
				PRODUCT_BUNDLE_IDENTIFIER = com.mapbox.MapboxGeocoderTests;
				PRODUCT_NAME = "$(TARGET_NAME)";
				SWIFT_OPTIMIZATION_LEVEL = "-Onone";
				TARGETED_DEVICE_FAMILY = "1,2,3";
			};
			name = Debug;
		};
		DDF1E8541BD6F7BA00C40C78 /* Release */ = {
			isa = XCBuildConfiguration;
			buildSettings = {
				CLANG_ENABLE_MODULES = YES;
				COPY_PHASE_STRIP = NO;
				DEBUG_INFORMATION_FORMAT = "dwarf-with-dsym";
				GCC_NO_COMMON_BLOCKS = YES;
				INFOPLIST_FILE = Tests/MapboxGeocoderTests/Info.plist;
				LD_RUNPATH_SEARCH_PATHS = (
					"$(inherited)",
					"@executable_path/Frameworks",
					"@loader_path/Frameworks",
				);
				PRODUCT_BUNDLE_IDENTIFIER = com.mapbox.MapboxGeocoderTests;
				PRODUCT_NAME = "$(TARGET_NAME)";
				SWIFT_COMPILATION_MODE = wholemodule;
				SWIFT_OPTIMIZATION_LEVEL = "-O";
				TARGETED_DEVICE_FAMILY = "1,2,3";
			};
			name = Release;
		};
/* End XCBuildConfiguration section */

/* Begin XCConfigurationList section */
		DA5170AB1CF1B18F00CD6DCF /* Build configuration list for PBXNativeTarget "MapboxGeocoderMac" */ = {
			isa = XCConfigurationList;
			buildConfigurations = (
				DA5170A71CF1B18F00CD6DCF /* Debug */,
				DA5170A81CF1B18F00CD6DCF /* Release */,
			);
			defaultConfigurationIsVisible = 0;
			defaultConfigurationName = Release;
		};
		DA5170AC1CF1B18F00CD6DCF /* Build configuration list for PBXNativeTarget "MapboxGeocoderMacTests" */ = {
			isa = XCConfigurationList;
			buildConfigurations = (
				DA5170A91CF1B18F00CD6DCF /* Debug */,
				DA5170AA1CF1B18F00CD6DCF /* Release */,
			);
			defaultConfigurationIsVisible = 0;
			defaultConfigurationName = Release;
		};
		DA5170D61CF253EE00CD6DCF /* Build configuration list for PBXNativeTarget "MapboxGeocoderTV" */ = {
			isa = XCConfigurationList;
			buildConfigurations = (
				DA5170D21CF253EE00CD6DCF /* Debug */,
				DA5170D31CF253EE00CD6DCF /* Release */,
			);
			defaultConfigurationIsVisible = 0;
			defaultConfigurationName = Release;
		};
		DA5170D71CF253EE00CD6DCF /* Build configuration list for PBXNativeTarget "MapboxGeocoderTVTests" */ = {
			isa = XCConfigurationList;
			buildConfigurations = (
				DA5170D41CF253EE00CD6DCF /* Debug */,
				DA5170D51CF253EE00CD6DCF /* Release */,
			);
			defaultConfigurationIsVisible = 0;
			defaultConfigurationName = Release;
		};
		DA5170F21CF2581900CD6DCF /* Build configuration list for PBXNativeTarget "MapboxGeocoderWatch" */ = {
			isa = XCConfigurationList;
			buildConfigurations = (
				DA5170F01CF2581900CD6DCF /* Debug */,
				DA5170F11CF2581900CD6DCF /* Release */,
			);
			defaultConfigurationIsVisible = 0;
			defaultConfigurationName = Release;
		};
		DD342B4B19A140EE00219F77 /* Build configuration list for PBXProject "MapboxGeocoder" */ = {
			isa = XCConfigurationList;
			buildConfigurations = (
				DD342B6A19A140EE00219F77 /* Debug */,
				DD342B6B19A140EE00219F77 /* Release */,
			);
			defaultConfigurationIsVisible = 0;
			defaultConfigurationName = Release;
		};
		DD342B6C19A140EE00219F77 /* Build configuration list for PBXNativeTarget "Example (Swift)" */ = {
			isa = XCConfigurationList;
			buildConfigurations = (
				DD342B6D19A140EE00219F77 /* Debug */,
				DD342B6E19A140EE00219F77 /* Release */,
			);
			defaultConfigurationIsVisible = 0;
			defaultConfigurationName = Release;
		};
		DDC2471D19A1C3B40054B0C0 /* Build configuration list for PBXNativeTarget "MapboxGeocoder" */ = {
			isa = XCConfigurationList;
			buildConfigurations = (
				DDC2471E19A1C3B40054B0C0 /* Debug */,
				DDC2471F19A1C3B40054B0C0 /* Release */,
			);
			defaultConfigurationIsVisible = 0;
			defaultConfigurationName = Release;
		};
		DDC2474719A1C60E0054B0C0 /* Build configuration list for PBXNativeTarget "Example (Objective-C)" */ = {
			isa = XCConfigurationList;
			buildConfigurations = (
				DDC2474819A1C60E0054B0C0 /* Debug */,
				DDC2474919A1C60E0054B0C0 /* Release */,
			);
			defaultConfigurationIsVisible = 0;
			defaultConfigurationName = Release;
		};
		DDF1E8521BD6F7BA00C40C78 /* Build configuration list for PBXNativeTarget "MapboxGeocoderTests" */ = {
			isa = XCConfigurationList;
			buildConfigurations = (
				DDF1E8531BD6F7BA00C40C78 /* Debug */,
				DDF1E8541BD6F7BA00C40C78 /* Release */,
			);
			defaultConfigurationIsVisible = 0;
			defaultConfigurationName = Release;
		};
/* End XCConfigurationList section */
	};
	rootObject = DD342B4819A140EE00219F77 /* Project object */;
}
